// !$*UTF8*$!
{
	archiveVersion = 1;
	classes = {
	};
	objectVersion = 56;
	objects = {

/* Begin PBXBuildFile section */
		0E1E59452C6DADB800FB1770 /* ViewController.swift in Sources */ = {isa = PBXBuildFile; fileRef = 0E1E59442C6DADB800FB1770 /* ViewController.swift */; };
		0E1E59482C6DAECC00FB1770 /* LoadingViewControllerRepresentable.swift in Sources */ = {isa = PBXBuildFile; fileRef = 0E1E59472C6DAECC00FB1770 /* LoadingViewControllerRepresentable.swift */; };
		9D50F8522C72F54C000FC056 /* cry.wav in Resources */ = {isa = PBXBuildFile; fileRef = 9D50F8162C72F54C000FC056 /* cry.wav */; };
		9D50F8532C72F54C000FC056 /* not_cry.wav in Resources */ = {isa = PBXBuildFile; fileRef = 9D50F8172C72F54C000FC056 /* not_cry.wav */; };
		9D50F8542C72F54C000FC056 /* DataSource.swift in Sources */ = {isa = PBXBuildFile; fileRef = 9D50F8182C72F54C000FC056 /* DataSource.swift */; };
		9D50F8552C72F54C000FC056 /* Repository.swift in Sources */ = {isa = PBXBuildFile; fileRef = 9D50F81A2C72F54C000FC056 /* Repository.swift */; };
		9D50F8562C72F54C000FC056 /* Entities.swift in Sources */ = {isa = PBXBuildFile; fileRef = 9D50F81D2C72F54C000FC056 /* Entities.swift */; };
		9D50F8572C72F54C000FC056 /* UseCase.swift in Sources */ = {isa = PBXBuildFile; fileRef = 9D50F81F2C72F54C000FC056 /* UseCase.swift */; };
		9D50F8582C72F54C000FC056 /* ExampleView.swift in Sources */ = {isa = PBXBuildFile; fileRef = 9D50F8222C72F54C000FC056 /* ExampleView.swift */; };
		9D50F8592C72F54C000FC056 /* ViewModel.swift in Sources */ = {isa = PBXBuildFile; fileRef = 9D50F8242C72F54C000FC056 /* ViewModel.swift */; };
		9D50F85A2C72F54C000FC056 /* BabyCrySoundClassifierFinal.mlmodel in Sources */ = {isa = PBXBuildFile; fileRef = 9D50F8282C72F54C000FC056 /* BabyCrySoundClassifierFinal.mlmodel */; };
		9D50F85B2C72F54C000FC056 /* CryClassificationErrorEnum.swift in Sources */ = {isa = PBXBuildFile; fileRef = 9D50F8292C72F54C000FC056 /* CryClassificationErrorEnum.swift */; };
		9D50F85C2C72F54C000FC056 /* CryNotCry.mlmodel in Sources */ = {isa = PBXBuildFile; fileRef = 9D50F82A2C72F54C000FC056 /* CryNotCry.mlmodel */; };
		9D50F85D2C72F54C000FC056 /* HomeDataSource.swift in Sources */ = {isa = PBXBuildFile; fileRef = 9D50F82B2C72F54C000FC056 /* HomeDataSource.swift */; };
		9D50F85E2C72F54C000FC056 /* HomeDataSourceProtocol.swift in Sources */ = {isa = PBXBuildFile; fileRef = 9D50F82C2C72F54C000FC056 /* HomeDataSourceProtocol.swift */; };
		9D50F85F2C72F54C000FC056 /* HomeLocalDataSource.swift in Sources */ = {isa = PBXBuildFile; fileRef = 9D50F82D2C72F54C000FC056 /* HomeLocalDataSource.swift */; };
		9D50F8602C72F54C000FC056 /* HomeDefaultRepository.swift in Sources */ = {isa = PBXBuildFile; fileRef = 9D50F82F2C72F54C000FC056 /* HomeDefaultRepository.swift */; };
		9D50F8612C72F54C000FC056 /* HomeDefaultRepositoryProtocol.swift in Sources */ = {isa = PBXBuildFile; fileRef = 9D50F8302C72F54C000FC056 /* HomeDefaultRepositoryProtocol.swift */; };
		9D50F8622C72F54C000FC056 /* HomeModel.swift in Sources */ = {isa = PBXBuildFile; fileRef = 9D50F8332C72F54C000FC056 /* HomeModel.swift */; };
		9D50F8632C72F54C000FC056 /* HomeUseCase.swift in Sources */ = {isa = PBXBuildFile; fileRef = 9D50F8352C72F54C000FC056 /* HomeUseCase.swift */; };
		9D50F8642C72F54C000FC056 /* HomeUseCaseProtocol.swift in Sources */ = {isa = PBXBuildFile; fileRef = 9D50F8362C72F54C000FC056 /* HomeUseCaseProtocol.swift */; };
		9D50F8652C72F54C000FC056 /* LoadingViewControllerRepresentable.swift in Sources */ = {isa = PBXBuildFile; fileRef = 9D50F8392C72F54C000FC056 /* LoadingViewControllerRepresentable.swift */; };
		9D50F8662C72F54C000FC056 /* SceneDelegate.swift in Sources */ = {isa = PBXBuildFile; fileRef = 9D50F83A2C72F54C000FC056 /* SceneDelegate.swift */; };
		9D50F8672C72F54C000FC056 /* ViewController.swift in Sources */ = {isa = PBXBuildFile; fileRef = 9D50F83B2C72F54C000FC056 /* ViewController.swift */; };
		9D50F8682C72F54C000FC056 /* HomeView.swift in Sources */ = {isa = PBXBuildFile; fileRef = 9D50F83D2C72F54C000FC056 /* HomeView.swift */; };
		9D50F8692C72F54C000FC056 /* HomeViewModel.swift in Sources */ = {isa = PBXBuildFile; fileRef = 9D50F83F2C72F54C000FC056 /* HomeViewModel.swift */; };
		9D50F86B2C72F54C000FC056 /* 542c.wav in Resources */ = {isa = PBXBuildFile; fileRef = 9D50F8482C72F54C000FC056 /* 542c.wav */; };
		9D50F86C2C72F54C000FC056 /* Assets.xcassets in Resources */ = {isa = PBXBuildFile; fileRef = 9D50F8492C72F54C000FC056 /* Assets.xcassets */; };
		9D50F86D2C72F54C000FC056 /* ClassDiagram.puml in Resources */ = {isa = PBXBuildFile; fileRef = 9D50F84A2C72F54C000FC056 /* ClassDiagram.puml */; };
		9D50F86E2C72F54C000FC056 /* PukPuk.png in Resources */ = {isa = PBXBuildFile; fileRef = 9D50F84B2C72F54C000FC056 /* PukPuk.png */; };
		9D50F86F2C72F54C000FC056 /* Preview Assets.xcassets in Resources */ = {isa = PBXBuildFile; fileRef = 9D50F84E2C72F54C000FC056 /* Preview Assets.xcassets */; };
		9D50F8702C72F54C000FC056 /* RoutingCoordinator.swift in Sources */ = {isa = PBXBuildFile; fileRef = 9D50F8502C72F54C000FC056 /* RoutingCoordinator.swift */; };
		9D50F8722C72F5F6000FC056 /* TestFullScreenCover.swift in Sources */ = {isa = PBXBuildFile; fileRef = 9D50F8712C72F5F6000FC056 /* TestFullScreenCover.swift */; };
		9D50F8742C72F626000FC056 /* TestSheet.swift in Sources */ = {isa = PBXBuildFile; fileRef = 9D50F8732C72F626000FC056 /* TestSheet.swift */; };
		9D50F8962C72F76E000FC056 /* RecordPageCoordinator.swift in Sources */ = {isa = PBXBuildFile; fileRef = 9D50F8752C72F76E000FC056 /* RecordPageCoordinator.swift */; };
		9D50F8972C72F76E000FC056 /* AudioPlayerDataSource.swift in Sources */ = {isa = PBXBuildFile; fileRef = 9D50F8772C72F76E000FC056 /* AudioPlayerDataSource.swift */; };
		9D50F8982C72F76E000FC056 /* audioRecorderDataSource.swift in Sources */ = {isa = PBXBuildFile; fileRef = 9D50F8782C72F76E000FC056 /* audioRecorderDataSource.swift */; };
		9D50F8992C72F76E000FC056 /* classificationDataSource.swift in Sources */ = {isa = PBXBuildFile; fileRef = 9D50F8792C72F76E000FC056 /* classificationDataSource.swift */; };
		9D50F89A2C72F76E000FC056 /* FileManagerDataSource.swift in Sources */ = {isa = PBXBuildFile; fileRef = 9D50F87A2C72F76E000FC056 /* FileManagerDataSource.swift */; };
		9D50F89B2C72F76E000FC056 /* RecordPageRepositoryImpl.swift in Sources */ = {isa = PBXBuildFile; fileRef = 9D50F87C2C72F76E000FC056 /* RecordPageRepositoryImpl.swift */; };
		9D50F89C2C72F76E000FC056 /* AudioService.swift in Sources */ = {isa = PBXBuildFile; fileRef = 9D50F87E2C72F76E000FC056 /* AudioService.swift */; };
		9D50F89D2C72F76E000FC056 /* ResultObserver.swift in Sources */ = {isa = PBXBuildFile; fileRef = 9D50F87F2C72F76E000FC056 /* ResultObserver.swift */; };
		9D50F89E2C72F76E000FC056 /* AudioRecordingEntity.swift in Sources */ = {isa = PBXBuildFile; fileRef = 9D50F8812C72F76E000FC056 /* AudioRecordingEntity.swift */; };
		9D50F89F2C72F76E000FC056 /* ClassificationResultEntity.swift in Sources */ = {isa = PBXBuildFile; fileRef = 9D50F8822C72F76E000FC056 /* ClassificationResultEntity.swift */; };
		9D50F8A02C72F76E000FC056 /* AudioRepository.swift in Sources */ = {isa = PBXBuildFile; fileRef = 9D50F8842C72F76E000FC056 /* AudioRepository.swift */; };
		9D50F8A12C72F76E000FC056 /* ClassificationRepository.swift in Sources */ = {isa = PBXBuildFile; fileRef = 9D50F8852C72F76E000FC056 /* ClassificationRepository.swift */; };
		9D50F8A22C72F76E000FC056 /* CancelRecordUseCase.swift in Sources */ = {isa = PBXBuildFile; fileRef = 9D50F8872C72F76E000FC056 /* CancelRecordUseCase.swift */; };
		9D50F8A32C72F76E000FC056 /* ClassifyAudioUseCase.swift in Sources */ = {isa = PBXBuildFile; fileRef = 9D50F8882C72F76E000FC056 /* ClassifyAudioUseCase.swift */; };
		9D50F8A42C72F76E000FC056 /* GetRecordedAudioUseCase.swift in Sources */ = {isa = PBXBuildFile; fileRef = 9D50F8892C72F76E000FC056 /* GetRecordedAudioUseCase.swift */; };
		9D50F8A52C72F76E000FC056 /* StartRecordUseCase.swift in Sources */ = {isa = PBXBuildFile; fileRef = 9D50F88A2C72F76E000FC056 /* StartRecordUseCase.swift */; };
		9D50F8A62C72F76E000FC056 /* StopRecordUseCase.swift in Sources */ = {isa = PBXBuildFile; fileRef = 9D50F88B2C72F76E000FC056 /* StopRecordUseCase.swift */; };
		9D50F8A82C72F76E000FC056 /* RecordPageViewController.swift in Sources */ = {isa = PBXBuildFile; fileRef = 9D50F88F2C72F76E000FC056 /* RecordPageViewController.swift */; };
		9D50F8A92C72F76E000FC056 /* RecordPageViewController.xib in Resources */ = {isa = PBXBuildFile; fileRef = 9D50F8902C72F76E000FC056 /* RecordPageViewController.xib */; };
		9D50F8AA2C72F76E000FC056 /* RecordPageViewModel.swift in Sources */ = {isa = PBXBuildFile; fileRef = 9D50F8922C72F76E000FC056 /* RecordPageViewModel.swift */; };
		9D80A1882C6B4774002AB74F /* PukPukApp.swift in Sources */ = {isa = PBXBuildFile; fileRef = 9D80A1872C6B4774002AB74F /* PukPukApp.swift */; };
		9D80A18A2C6B4774002AB74F /* ContentView.swift in Sources */ = {isa = PBXBuildFile; fileRef = 9D80A1892C6B4774002AB74F /* ContentView.swift */; };
		9D80A18C2C6B4776002AB74F /* Assets.xcassets in Resources */ = {isa = PBXBuildFile; fileRef = 9D80A18B2C6B4776002AB74F /* Assets.xcassets */; };
		9D80A18F2C6B4776002AB74F /* Preview Assets.xcassets in Resources */ = {isa = PBXBuildFile; fileRef = 9D80A18E2C6B4776002AB74F /* Preview Assets.xcassets */; };
		9D80A1E82C6B49FC002AB74F /* DependencyInjection.swift in Sources */ = {isa = PBXBuildFile; fileRef = 9D80A1E72C6B49FC002AB74F /* DependencyInjection.swift */; };
		9D80A2192C6C11DC002AB74F /* HomeLocalDataSource.swift in Sources */ = {isa = PBXBuildFile; fileRef = 9D80A2182C6C11DC002AB74F /* HomeLocalDataSource.swift */; };
		9D80A21B2C6C11EA002AB74F /* HomeDefaultRepository.swift in Sources */ = {isa = PBXBuildFile; fileRef = 9D80A21A2C6C11EA002AB74F /* HomeDefaultRepository.swift */; };
		9D80A21D2C6C11F9002AB74F /* HomeModel.swift in Sources */ = {isa = PBXBuildFile; fileRef = 9D80A21C2C6C11F9002AB74F /* HomeModel.swift */; };
		9D80A21F2C6C1203002AB74F /* HomeUseCase.swift in Sources */ = {isa = PBXBuildFile; fileRef = 9D80A21E2C6C1203002AB74F /* HomeUseCase.swift */; };
		9D80A2212C6C122A002AB74F /* HomeView.swift in Sources */ = {isa = PBXBuildFile; fileRef = 9D80A2202C6C122A002AB74F /* HomeView.swift */; };
		9D80A2232C6C1235002AB74F /* HomeViewModel.swift in Sources */ = {isa = PBXBuildFile; fileRef = 9D80A2222C6C1235002AB74F /* HomeViewModel.swift */; };
		9D80A2252C6C12EA002AB74F /* DataSource.swift in Sources */ = {isa = PBXBuildFile; fileRef = 9D80A2242C6C12EA002AB74F /* DataSource.swift */; };
		9D80A2272C6C12F5002AB74F /* Repository.swift in Sources */ = {isa = PBXBuildFile; fileRef = 9D80A2262C6C12F5002AB74F /* Repository.swift */; };
		9D80A2292C6C1303002AB74F /* Entities.swift in Sources */ = {isa = PBXBuildFile; fileRef = 9D80A2282C6C1303002AB74F /* Entities.swift */; };
		9D80A22B2C6C130A002AB74F /* UseCase.swift in Sources */ = {isa = PBXBuildFile; fileRef = 9D80A22A2C6C130A002AB74F /* UseCase.swift */; };
		9D80A22D2C6C1316002AB74F /* ExampleView.swift in Sources */ = {isa = PBXBuildFile; fileRef = 9D80A22C2C6C1316002AB74F /* ExampleView.swift */; };
		9D80A22F2C6C1321002AB74F /* ViewModel.swift in Sources */ = {isa = PBXBuildFile; fileRef = 9D80A22E2C6C1321002AB74F /* ViewModel.swift */; };
		9D80A2352C6C1B50002AB74F /* (null) in Sources */ = {isa = PBXBuildFile; };
		9D80A2822C6C5DA8002AB74F /* (null) in Sources */ = {isa = PBXBuildFile; };
		9D85352D2C6DB6FB007FF46E /* (null) in Sources */ = {isa = PBXBuildFile; };
		9D85352E2C6DB6FB007FF46E /* (null) in Sources */ = {isa = PBXBuildFile; };
		9D8535302C6DB963007FF46E /* (null) in Resources */ = {isa = PBXBuildFile; };
		9D8535362C6DFFA7007FF46E /* (null) in Resources */ = {isa = PBXBuildFile; };
		9D8535382C6E030F007FF46E /* (null) in Sources */ = {isa = PBXBuildFile; };
/* End PBXBuildFile section */

/* Begin PBXFileReference section */
		0E1E59442C6DADB800FB1770 /* ViewController.swift */ = {isa = PBXFileReference; lastKnownFileType = sourcecode.swift; path = ViewController.swift; sourceTree = "<group>"; };
		0E1E59472C6DAECC00FB1770 /* LoadingViewControllerRepresentable.swift */ = {isa = PBXFileReference; lastKnownFileType = sourcecode.swift; path = LoadingViewControllerRepresentable.swift; sourceTree = "<group>"; };
		0E1E59492C6DAEF200FB1770 /* SceneDelegate.swift */ = {isa = PBXFileReference; lastKnownFileType = sourcecode.swift; path = SceneDelegate.swift; sourceTree = "<group>"; };
		9D50F8162C72F54C000FC056 /* cry.wav */ = {isa = PBXFileReference; lastKnownFileType = audio.wav; path = cry.wav; sourceTree = "<group>"; };
		9D50F8172C72F54C000FC056 /* not_cry.wav */ = {isa = PBXFileReference; lastKnownFileType = audio.wav; path = not_cry.wav; sourceTree = "<group>"; };
		9D50F8182C72F54C000FC056 /* DataSource.swift */ = {isa = PBXFileReference; fileEncoding = 4; lastKnownFileType = sourcecode.swift; path = DataSource.swift; sourceTree = "<group>"; };
		9D50F81A2C72F54C000FC056 /* Repository.swift */ = {isa = PBXFileReference; fileEncoding = 4; lastKnownFileType = sourcecode.swift; path = Repository.swift; sourceTree = "<group>"; };
		9D50F81D2C72F54C000FC056 /* Entities.swift */ = {isa = PBXFileReference; fileEncoding = 4; lastKnownFileType = sourcecode.swift; path = Entities.swift; sourceTree = "<group>"; };
		9D50F81F2C72F54C000FC056 /* UseCase.swift */ = {isa = PBXFileReference; fileEncoding = 4; lastKnownFileType = sourcecode.swift; path = UseCase.swift; sourceTree = "<group>"; };
		9D50F8222C72F54C000FC056 /* ExampleView.swift */ = {isa = PBXFileReference; fileEncoding = 4; lastKnownFileType = sourcecode.swift; path = ExampleView.swift; sourceTree = "<group>"; };
		9D50F8242C72F54C000FC056 /* ViewModel.swift */ = {isa = PBXFileReference; fileEncoding = 4; lastKnownFileType = sourcecode.swift; path = ViewModel.swift; sourceTree = "<group>"; };
		9D50F8282C72F54C000FC056 /* BabyCrySoundClassifierFinal.mlmodel */ = {isa = PBXFileReference; lastKnownFileType = file.mlmodel; path = BabyCrySoundClassifierFinal.mlmodel; sourceTree = "<group>"; };
		9D50F8292C72F54C000FC056 /* CryClassificationErrorEnum.swift */ = {isa = PBXFileReference; fileEncoding = 4; lastKnownFileType = sourcecode.swift; path = CryClassificationErrorEnum.swift; sourceTree = "<group>"; };
		9D50F82A2C72F54C000FC056 /* CryNotCry.mlmodel */ = {isa = PBXFileReference; lastKnownFileType = file.mlmodel; path = CryNotCry.mlmodel; sourceTree = "<group>"; };
		9D50F82B2C72F54C000FC056 /* HomeDataSource.swift */ = {isa = PBXFileReference; fileEncoding = 4; lastKnownFileType = sourcecode.swift; path = HomeDataSource.swift; sourceTree = "<group>"; };
		9D50F82C2C72F54C000FC056 /* HomeDataSourceProtocol.swift */ = {isa = PBXFileReference; fileEncoding = 4; lastKnownFileType = sourcecode.swift; path = HomeDataSourceProtocol.swift; sourceTree = "<group>"; };
		9D50F82D2C72F54C000FC056 /* HomeLocalDataSource.swift */ = {isa = PBXFileReference; fileEncoding = 4; lastKnownFileType = sourcecode.swift; path = HomeLocalDataSource.swift; sourceTree = "<group>"; };
		9D50F82F2C72F54C000FC056 /* HomeDefaultRepository.swift */ = {isa = PBXFileReference; fileEncoding = 4; lastKnownFileType = sourcecode.swift; path = HomeDefaultRepository.swift; sourceTree = "<group>"; };
		9D50F8302C72F54C000FC056 /* HomeDefaultRepositoryProtocol.swift */ = {isa = PBXFileReference; fileEncoding = 4; lastKnownFileType = sourcecode.swift; path = HomeDefaultRepositoryProtocol.swift; sourceTree = "<group>"; };
		9D50F8332C72F54C000FC056 /* HomeModel.swift */ = {isa = PBXFileReference; fileEncoding = 4; lastKnownFileType = sourcecode.swift; path = HomeModel.swift; sourceTree = "<group>"; };
		9D50F8352C72F54C000FC056 /* HomeUseCase.swift */ = {isa = PBXFileReference; fileEncoding = 4; lastKnownFileType = sourcecode.swift; path = HomeUseCase.swift; sourceTree = "<group>"; };
		9D50F8362C72F54C000FC056 /* HomeUseCaseProtocol.swift */ = {isa = PBXFileReference; fileEncoding = 4; lastKnownFileType = sourcecode.swift; path = HomeUseCaseProtocol.swift; sourceTree = "<group>"; };
		9D50F8392C72F54C000FC056 /* LoadingViewControllerRepresentable.swift */ = {isa = PBXFileReference; fileEncoding = 4; lastKnownFileType = sourcecode.swift; path = LoadingViewControllerRepresentable.swift; sourceTree = "<group>"; };
		9D50F83A2C72F54C000FC056 /* SceneDelegate.swift */ = {isa = PBXFileReference; fileEncoding = 4; lastKnownFileType = sourcecode.swift; path = SceneDelegate.swift; sourceTree = "<group>"; };
		9D50F83B2C72F54C000FC056 /* ViewController.swift */ = {isa = PBXFileReference; fileEncoding = 4; lastKnownFileType = sourcecode.swift; path = ViewController.swift; sourceTree = "<group>"; };
		9D50F83D2C72F54C000FC056 /* HomeView.swift */ = {isa = PBXFileReference; fileEncoding = 4; lastKnownFileType = sourcecode.swift; path = HomeView.swift; sourceTree = "<group>"; };
		9D50F83F2C72F54C000FC056 /* HomeViewModel.swift */ = {isa = PBXFileReference; fileEncoding = 4; lastKnownFileType = sourcecode.swift; path = HomeViewModel.swift; sourceTree = "<group>"; };
		9D50F8482C72F54C000FC056 /* 542c.wav */ = {isa = PBXFileReference; lastKnownFileType = audio.wav; path = 542c.wav; sourceTree = "<group>"; };
		9D50F8492C72F54C000FC056 /* Assets.xcassets */ = {isa = PBXFileReference; lastKnownFileType = folder.assetcatalog; path = Assets.xcassets; sourceTree = "<group>"; };
		9D50F84A2C72F54C000FC056 /* ClassDiagram.puml */ = {isa = PBXFileReference; fileEncoding = 4; lastKnownFileType = text; path = ClassDiagram.puml; sourceTree = "<group>"; };
		9D50F84B2C72F54C000FC056 /* PukPuk.png */ = {isa = PBXFileReference; lastKnownFileType = image.png; path = PukPuk.png; sourceTree = "<group>"; };
		9D50F84E2C72F54C000FC056 /* Preview Assets.xcassets */ = {isa = PBXFileReference; lastKnownFileType = folder.assetcatalog; path = "Preview Assets.xcassets"; sourceTree = "<group>"; };
		9D50F8502C72F54C000FC056 /* RoutingCoordinator.swift */ = {isa = PBXFileReference; fileEncoding = 4; lastKnownFileType = sourcecode.swift; path = RoutingCoordinator.swift; sourceTree = "<group>"; };
		9D50F8712C72F5F6000FC056 /* TestFullScreenCover.swift */ = {isa = PBXFileReference; lastKnownFileType = sourcecode.swift; path = TestFullScreenCover.swift; sourceTree = "<group>"; };
		9D50F8732C72F626000FC056 /* TestSheet.swift */ = {isa = PBXFileReference; lastKnownFileType = sourcecode.swift; path = TestSheet.swift; sourceTree = "<group>"; };
		9D50F8752C72F76E000FC056 /* RecordPageCoordinator.swift */ = {isa = PBXFileReference; fileEncoding = 4; lastKnownFileType = sourcecode.swift; path = RecordPageCoordinator.swift; sourceTree = "<group>"; };
		9D50F8772C72F76E000FC056 /* AudioPlayerDataSource.swift */ = {isa = PBXFileReference; fileEncoding = 4; lastKnownFileType = sourcecode.swift; path = AudioPlayerDataSource.swift; sourceTree = "<group>"; };
		9D50F8782C72F76E000FC056 /* audioRecorderDataSource.swift */ = {isa = PBXFileReference; fileEncoding = 4; lastKnownFileType = sourcecode.swift; path = audioRecorderDataSource.swift; sourceTree = "<group>"; };
		9D50F8792C72F76E000FC056 /* classificationDataSource.swift */ = {isa = PBXFileReference; fileEncoding = 4; lastKnownFileType = sourcecode.swift; path = classificationDataSource.swift; sourceTree = "<group>"; };
		9D50F87A2C72F76E000FC056 /* FileManagerDataSource.swift */ = {isa = PBXFileReference; fileEncoding = 4; lastKnownFileType = sourcecode.swift; path = FileManagerDataSource.swift; sourceTree = "<group>"; };
		9D50F87C2C72F76E000FC056 /* RecordPageRepositoryImpl.swift */ = {isa = PBXFileReference; fileEncoding = 4; lastKnownFileType = sourcecode.swift; path = RecordPageRepositoryImpl.swift; sourceTree = "<group>"; };
		9D50F87E2C72F76E000FC056 /* AudioService.swift */ = {isa = PBXFileReference; fileEncoding = 4; lastKnownFileType = sourcecode.swift; path = AudioService.swift; sourceTree = "<group>"; };
		9D50F87F2C72F76E000FC056 /* ResultObserver.swift */ = {isa = PBXFileReference; fileEncoding = 4; lastKnownFileType = sourcecode.swift; path = ResultObserver.swift; sourceTree = "<group>"; };
		9D50F8812C72F76E000FC056 /* AudioRecordingEntity.swift */ = {isa = PBXFileReference; fileEncoding = 4; lastKnownFileType = sourcecode.swift; path = AudioRecordingEntity.swift; sourceTree = "<group>"; };
		9D50F8822C72F76E000FC056 /* ClassificationResultEntity.swift */ = {isa = PBXFileReference; fileEncoding = 4; lastKnownFileType = sourcecode.swift; path = ClassificationResultEntity.swift; sourceTree = "<group>"; };
		9D50F8842C72F76E000FC056 /* AudioRepository.swift */ = {isa = PBXFileReference; fileEncoding = 4; lastKnownFileType = sourcecode.swift; path = AudioRepository.swift; sourceTree = "<group>"; };
		9D50F8852C72F76E000FC056 /* ClassificationRepository.swift */ = {isa = PBXFileReference; fileEncoding = 4; lastKnownFileType = sourcecode.swift; path = ClassificationRepository.swift; sourceTree = "<group>"; };
		9D50F8872C72F76E000FC056 /* CancelRecordUseCase.swift */ = {isa = PBXFileReference; fileEncoding = 4; lastKnownFileType = sourcecode.swift; path = CancelRecordUseCase.swift; sourceTree = "<group>"; };
		9D50F8882C72F76E000FC056 /* ClassifyAudioUseCase.swift */ = {isa = PBXFileReference; fileEncoding = 4; lastKnownFileType = sourcecode.swift; path = ClassifyAudioUseCase.swift; sourceTree = "<group>"; };
		9D50F8892C72F76E000FC056 /* GetRecordedAudioUseCase.swift */ = {isa = PBXFileReference; fileEncoding = 4; lastKnownFileType = sourcecode.swift; path = GetRecordedAudioUseCase.swift; sourceTree = "<group>"; };
		9D50F88A2C72F76E000FC056 /* StartRecordUseCase.swift */ = {isa = PBXFileReference; fileEncoding = 4; lastKnownFileType = sourcecode.swift; path = StartRecordUseCase.swift; sourceTree = "<group>"; };
		9D50F88B2C72F76E000FC056 /* StopRecordUseCase.swift */ = {isa = PBXFileReference; fileEncoding = 4; lastKnownFileType = sourcecode.swift; path = StopRecordUseCase.swift; sourceTree = "<group>"; };
		9D50F88F2C72F76E000FC056 /* RecordPageViewController.swift */ = {isa = PBXFileReference; fileEncoding = 4; lastKnownFileType = sourcecode.swift; path = RecordPageViewController.swift; sourceTree = "<group>"; };
		9D50F8902C72F76E000FC056 /* RecordPageViewController.xib */ = {isa = PBXFileReference; fileEncoding = 4; lastKnownFileType = file.xib; path = RecordPageViewController.xib; sourceTree = "<group>"; };
		9D50F8922C72F76E000FC056 /* RecordPageViewModel.swift */ = {isa = PBXFileReference; fileEncoding = 4; lastKnownFileType = sourcecode.swift; path = RecordPageViewModel.swift; sourceTree = "<group>"; };
		9D80A1842C6B4774002AB74F /* PukPuk.app */ = {isa = PBXFileReference; explicitFileType = wrapper.application; includeInIndex = 0; path = PukPuk.app; sourceTree = BUILT_PRODUCTS_DIR; };
		9D80A1872C6B4774002AB74F /* PukPukApp.swift */ = {isa = PBXFileReference; lastKnownFileType = sourcecode.swift; path = PukPukApp.swift; sourceTree = "<group>"; };
		9D80A1892C6B4774002AB74F /* ContentView.swift */ = {isa = PBXFileReference; lastKnownFileType = sourcecode.swift; path = ContentView.swift; sourceTree = "<group>"; };
		9D80A18B2C6B4776002AB74F /* Assets.xcassets */ = {isa = PBXFileReference; lastKnownFileType = folder.assetcatalog; path = Assets.xcassets; sourceTree = "<group>"; };
		9D80A18E2C6B4776002AB74F /* Preview Assets.xcassets */ = {isa = PBXFileReference; lastKnownFileType = folder.assetcatalog; path = "Preview Assets.xcassets"; sourceTree = "<group>"; };
		9D80A1E72C6B49FC002AB74F /* DependencyInjection.swift */ = {isa = PBXFileReference; fileEncoding = 4; lastKnownFileType = sourcecode.swift; path = DependencyInjection.swift; sourceTree = "<group>"; };
		9D80A2182C6C11DC002AB74F /* HomeLocalDataSource.swift */ = {isa = PBXFileReference; lastKnownFileType = sourcecode.swift; path = HomeLocalDataSource.swift; sourceTree = "<group>"; };
		9D80A21A2C6C11EA002AB74F /* HomeDefaultRepository.swift */ = {isa = PBXFileReference; lastKnownFileType = sourcecode.swift; path = HomeDefaultRepository.swift; sourceTree = "<group>"; };
		9D80A21C2C6C11F9002AB74F /* HomeModel.swift */ = {isa = PBXFileReference; lastKnownFileType = sourcecode.swift; path = HomeModel.swift; sourceTree = "<group>"; };
		9D80A21E2C6C1203002AB74F /* HomeUseCase.swift */ = {isa = PBXFileReference; lastKnownFileType = sourcecode.swift; path = HomeUseCase.swift; sourceTree = "<group>"; };
		9D80A2202C6C122A002AB74F /* HomeView.swift */ = {isa = PBXFileReference; lastKnownFileType = sourcecode.swift; path = HomeView.swift; sourceTree = "<group>"; };
		9D80A2222C6C1235002AB74F /* HomeViewModel.swift */ = {isa = PBXFileReference; lastKnownFileType = sourcecode.swift; path = HomeViewModel.swift; sourceTree = "<group>"; };
		9D80A2242C6C12EA002AB74F /* DataSource.swift */ = {isa = PBXFileReference; lastKnownFileType = sourcecode.swift; path = DataSource.swift; sourceTree = "<group>"; };
		9D80A2262C6C12F5002AB74F /* Repository.swift */ = {isa = PBXFileReference; lastKnownFileType = sourcecode.swift; path = Repository.swift; sourceTree = "<group>"; };
		9D80A2282C6C1303002AB74F /* Entities.swift */ = {isa = PBXFileReference; lastKnownFileType = sourcecode.swift; path = Entities.swift; sourceTree = "<group>"; };
		9D80A22A2C6C130A002AB74F /* UseCase.swift */ = {isa = PBXFileReference; lastKnownFileType = sourcecode.swift; path = UseCase.swift; sourceTree = "<group>"; };
		9D80A22C2C6C1316002AB74F /* ExampleView.swift */ = {isa = PBXFileReference; lastKnownFileType = sourcecode.swift; path = ExampleView.swift; sourceTree = "<group>"; };
		9D80A22E2C6C1321002AB74F /* ViewModel.swift */ = {isa = PBXFileReference; lastKnownFileType = sourcecode.swift; path = ViewModel.swift; sourceTree = "<group>"; };
/* End PBXFileReference section */

/* Begin PBXFrameworksBuildPhase section */
		9D80A1812C6B4774002AB74F /* Frameworks */ = {
			isa = PBXFrameworksBuildPhase;
			buildActionMask = 2147483647;
			files = (
			);
			runOnlyForDeploymentPostprocessing = 0;
		};
/* End PBXFrameworksBuildPhase section */

/* Begin PBXGroup section */
		0E1E59462C6DAE5400FB1770 /* Loading Screen */ = {
			isa = PBXGroup;
			children = (
				0E1E59442C6DADB800FB1770 /* ViewController.swift */,
				0E1E59472C6DAECC00FB1770 /* LoadingViewControllerRepresentable.swift */,
				0E1E59492C6DAEF200FB1770 /* SceneDelegate.swift */,
			);
			path = "Loading Screen";
			sourceTree = "<group>";
		};
		9D50F8192C72F54C000FC056 /* Data Source */ = {
			isa = PBXGroup;
			children = (
				9D50F8182C72F54C000FC056 /* DataSource.swift */,
			);
			path = "Data Source";
			sourceTree = "<group>";
		};
		9D50F81B2C72F54C000FC056 /* Repository */ = {
			isa = PBXGroup;
			children = (
				9D50F81A2C72F54C000FC056 /* Repository.swift */,
			);
			path = Repository;
			sourceTree = "<group>";
		};
		9D50F81C2C72F54C000FC056 /* Data */ = {
			isa = PBXGroup;
			children = (
				9D50F8192C72F54C000FC056 /* Data Source */,
				9D50F81B2C72F54C000FC056 /* Repository */,
			);
			path = Data;
			sourceTree = "<group>";
		};
		9D50F81E2C72F54C000FC056 /* Entities */ = {
			isa = PBXGroup;
			children = (
				9D50F81D2C72F54C000FC056 /* Entities.swift */,
			);
			path = Entities;
			sourceTree = "<group>";
		};
		9D50F8202C72F54C000FC056 /* Use Cases */ = {
			isa = PBXGroup;
			children = (
				9D50F81F2C72F54C000FC056 /* UseCase.swift */,
			);
			path = "Use Cases";
			sourceTree = "<group>";
		};
		9D50F8212C72F54C000FC056 /* Domain */ = {
			isa = PBXGroup;
			children = (
				9D50F81E2C72F54C000FC056 /* Entities */,
				9D50F8202C72F54C000FC056 /* Use Cases */,
			);
			path = Domain;
			sourceTree = "<group>";
		};
		9D50F8232C72F54C000FC056 /* View */ = {
			isa = PBXGroup;
			children = (
				9D50F8222C72F54C000FC056 /* ExampleView.swift */,
			);
			path = View;
			sourceTree = "<group>";
		};
		9D50F8252C72F54C000FC056 /* ViewModel */ = {
			isa = PBXGroup;
			children = (
				9D50F8242C72F54C000FC056 /* ViewModel.swift */,
			);
			path = ViewModel;
			sourceTree = "<group>";
		};
		9D50F8262C72F54C000FC056 /* Scene */ = {
			isa = PBXGroup;
			children = (
				9D50F8232C72F54C000FC056 /* View */,
				9D50F8252C72F54C000FC056 /* ViewModel */,
			);
			path = Scene;
			sourceTree = "<group>";
		};
		9D50F8272C72F54C000FC056 /* [TEMPLATE] */ = {
			isa = PBXGroup;
			children = (
				9D50F81C2C72F54C000FC056 /* Data */,
				9D50F8212C72F54C000FC056 /* Domain */,
				9D50F8262C72F54C000FC056 /* Scene */,
			);
			path = "[TEMPLATE]";
			sourceTree = "<group>";
		};
		9D50F82E2C72F54C000FC056 /* Data Source */ = {
			isa = PBXGroup;
			children = (
				9D50F8282C72F54C000FC056 /* BabyCrySoundClassifierFinal.mlmodel */,
				9D50F8292C72F54C000FC056 /* CryClassificationErrorEnum.swift */,
				9D50F82A2C72F54C000FC056 /* CryNotCry.mlmodel */,
				9D50F82B2C72F54C000FC056 /* HomeDataSource.swift */,
				9D50F82C2C72F54C000FC056 /* HomeDataSourceProtocol.swift */,
				9D50F82D2C72F54C000FC056 /* HomeLocalDataSource.swift */,
			);
			path = "Data Source";
			sourceTree = "<group>";
		};
		9D50F8312C72F54C000FC056 /* Repository */ = {
			isa = PBXGroup;
			children = (
				9D50F82F2C72F54C000FC056 /* HomeDefaultRepository.swift */,
				9D50F8302C72F54C000FC056 /* HomeDefaultRepositoryProtocol.swift */,
			);
			path = Repository;
			sourceTree = "<group>";
		};
		9D50F8322C72F54C000FC056 /* Data */ = {
			isa = PBXGroup;
			children = (
				9D50F82E2C72F54C000FC056 /* Data Source */,
				9D50F8312C72F54C000FC056 /* Repository */,
			);
			path = Data;
			sourceTree = "<group>";
		};
		9D50F8342C72F54C000FC056 /* Entities */ = {
			isa = PBXGroup;
			children = (
				9D50F8332C72F54C000FC056 /* HomeModel.swift */,
			);
			path = Entities;
			sourceTree = "<group>";
		};
		9D50F8372C72F54C000FC056 /* Use Cases */ = {
			isa = PBXGroup;
			children = (
				9D50F8352C72F54C000FC056 /* HomeUseCase.swift */,
				9D50F8362C72F54C000FC056 /* HomeUseCaseProtocol.swift */,
			);
			path = "Use Cases";
			sourceTree = "<group>";
		};
		9D50F8382C72F54C000FC056 /* Domain */ = {
			isa = PBXGroup;
			children = (
				9D50F8342C72F54C000FC056 /* Entities */,
				9D50F8372C72F54C000FC056 /* Use Cases */,
			);
			path = Domain;
			sourceTree = "<group>";
		};
		9D50F83C2C72F54C000FC056 /* Loading Screen */ = {
			isa = PBXGroup;
			children = (
				9D50F8392C72F54C000FC056 /* LoadingViewControllerRepresentable.swift */,
				9D50F83A2C72F54C000FC056 /* SceneDelegate.swift */,
				9D50F83B2C72F54C000FC056 /* ViewController.swift */,
			);
			path = "Loading Screen";
			sourceTree = "<group>";
		};
		9D50F83E2C72F54C000FC056 /* View */ = {
			isa = PBXGroup;
			children = (
				9D50F83D2C72F54C000FC056 /* HomeView.swift */,
			);
			path = View;
			sourceTree = "<group>";
		};
		9D50F8402C72F54C000FC056 /* ViewModel */ = {
			isa = PBXGroup;
			children = (
				9D50F83F2C72F54C000FC056 /* HomeViewModel.swift */,
			);
			path = ViewModel;
			sourceTree = "<group>";
		};
		9D50F8412C72F54C000FC056 /* Scene */ = {
			isa = PBXGroup;
			children = (
				9D50F83C2C72F54C000FC056 /* Loading Screen */,
				9D50F83E2C72F54C000FC056 /* View */,
				9D50F8402C72F54C000FC056 /* ViewModel */,
			);
			path = Scene;
			sourceTree = "<group>";
		};
		9D50F8422C72F54C000FC056 /* HomePage */ = {
			isa = PBXGroup;
			children = (
				9D50F8322C72F54C000FC056 /* Data */,
				9D50F8382C72F54C000FC056 /* Domain */,
				9D50F8412C72F54C000FC056 /* Scene */,
			);
			path = HomePage;
			sourceTree = "<group>";
		};
		9D50F8472C72F54C000FC056 /* Modules */ = {
			isa = PBXGroup;
			children = (
				9D50F8952C72F76E000FC056 /* RecordPage */,
				9D50F8272C72F54C000FC056 /* [TEMPLATE] */,
				9D50F8422C72F54C000FC056 /* HomePage */,
			);
			path = Modules;
			sourceTree = "<group>";
		};
		9D50F84C2C72F54C000FC056 /* Class Diagram */ = {
			isa = PBXGroup;
			children = (
				9D50F84A2C72F54C000FC056 /* ClassDiagram.puml */,
				9D50F84B2C72F54C000FC056 /* PukPuk.png */,
			);
			path = "Class Diagram";
			sourceTree = "<group>";
		};
		9D50F84D2C72F54C000FC056 /* Docs */ = {
			isa = PBXGroup;
			children = (
				9D50F84C2C72F54C000FC056 /* Class Diagram */,
			);
			path = Docs;
			sourceTree = "<group>";
		};
		9D50F84F2C72F54C000FC056 /* Preview Content */ = {
			isa = PBXGroup;
			children = (
				9D50F84E2C72F54C000FC056 /* Preview Assets.xcassets */,
			);
			path = "Preview Content";
			sourceTree = "<group>";
		};
		9D50F8512C72F54C000FC056 /* RoutingCoordinator */ = {
			isa = PBXGroup;
			children = (
				9D50F8502C72F54C000FC056 /* RoutingCoordinator.swift */,
				9D50F8712C72F5F6000FC056 /* TestFullScreenCover.swift */,
				9D50F8732C72F626000FC056 /* TestSheet.swift */,
			);
			path = RoutingCoordinator;
			sourceTree = "<group>";
		};
		9D50F8762C72F76E000FC056 /* Coordinator */ = {
			isa = PBXGroup;
			children = (
				9D50F8752C72F76E000FC056 /* RecordPageCoordinator.swift */,
			);
			path = Coordinator;
			sourceTree = "<group>";
		};
		9D50F87B2C72F76E000FC056 /* DataSources */ = {
			isa = PBXGroup;
			children = (
				9D50F8772C72F76E000FC056 /* AudioPlayerDataSource.swift */,
				9D50F8782C72F76E000FC056 /* audioRecorderDataSource.swift */,
				9D50F8792C72F76E000FC056 /* classificationDataSource.swift */,
				9D50F87A2C72F76E000FC056 /* FileManagerDataSource.swift */,
			);
			path = DataSources;
			sourceTree = "<group>";
		};
		9D50F87D2C72F76E000FC056 /* Repositories */ = {
			isa = PBXGroup;
			children = (
				9D50F87C2C72F76E000FC056 /* RecordPageRepositoryImpl.swift */,
			);
			path = Repositories;
			sourceTree = "<group>";
		};
		9D50F8802C72F76E000FC056 /* Data */ = {
			isa = PBXGroup;
			children = (
				9D50F87B2C72F76E000FC056 /* DataSources */,
				9D50F87D2C72F76E000FC056 /* Repositories */,
				9D50F87E2C72F76E000FC056 /* AudioService.swift */,
				9D50F87F2C72F76E000FC056 /* ResultObserver.swift */,
			);
			path = Data;
			sourceTree = "<group>";
		};
		9D50F8832C72F76E000FC056 /* Entities */ = {
			isa = PBXGroup;
			children = (
				9D50F8812C72F76E000FC056 /* AudioRecordingEntity.swift */,
				9D50F8822C72F76E000FC056 /* ClassificationResultEntity.swift */,
			);
			path = Entities;
			sourceTree = "<group>";
		};
		9D50F8862C72F76E000FC056 /* Repository */ = {
			isa = PBXGroup;
			children = (
				9D50F8842C72F76E000FC056 /* AudioRepository.swift */,
				9D50F8852C72F76E000FC056 /* ClassificationRepository.swift */,
			);
			path = Repository;
			sourceTree = "<group>";
		};
		9D50F88C2C72F76E000FC056 /* UseCases */ = {
			isa = PBXGroup;
			children = (
				9D50F8872C72F76E000FC056 /* CancelRecordUseCase.swift */,
				9D50F8882C72F76E000FC056 /* ClassifyAudioUseCase.swift */,
				9D50F8892C72F76E000FC056 /* GetRecordedAudioUseCase.swift */,
				9D50F88A2C72F76E000FC056 /* StartRecordUseCase.swift */,
				9D50F88B2C72F76E000FC056 /* StopRecordUseCase.swift */,
			);
			path = UseCases;
			sourceTree = "<group>";
		};
		9D50F88D2C72F76E000FC056 /* Domain */ = {
			isa = PBXGroup;
			children = (
				9D50F8832C72F76E000FC056 /* Entities */,
				9D50F8862C72F76E000FC056 /* Repository */,
				9D50F88C2C72F76E000FC056 /* UseCases */,
			);
			path = Domain;
			sourceTree = "<group>";
		};
		9D50F8912C72F76E000FC056 /* View */ = {
			isa = PBXGroup;
			children = (
				9D50F88F2C72F76E000FC056 /* RecordPageViewController.swift */,
				9D50F8902C72F76E000FC056 /* RecordPageViewController.xib */,
			);
			path = View;
			sourceTree = "<group>";
		};
		9D50F8932C72F76E000FC056 /* ViewModel */ = {
			isa = PBXGroup;
			children = (
				9D50F8922C72F76E000FC056 /* RecordPageViewModel.swift */,
			);
			path = ViewModel;
			sourceTree = "<group>";
		};
		9D50F8942C72F76E000FC056 /* Scene */ = {
			isa = PBXGroup;
			children = (
				9D50F8912C72F76E000FC056 /* View */,
				9D50F8932C72F76E000FC056 /* ViewModel */,
			);
			path = Scene;
			sourceTree = "<group>";
		};
		9D50F8952C72F76E000FC056 /* RecordPage */ = {
			isa = PBXGroup;
			children = (
				9D50F8762C72F76E000FC056 /* Coordinator */,
				9D50F8802C72F76E000FC056 /* Data */,
				9D50F88D2C72F76E000FC056 /* Domain */,
				9D50F8942C72F76E000FC056 /* Scene */,
			);
			path = RecordPage;
			sourceTree = "<group>";
		};
		9D80A17B2C6B4774002AB74F = {
			isa = PBXGroup;
			children = (
				9D80A1862C6B4774002AB74F /* PukPuk */,
				9D80A1852C6B4774002AB74F /* Products */,
			);
			sourceTree = "<group>";
		};
		9D80A1852C6B4774002AB74F /* Products */ = {
			isa = PBXGroup;
			children = (
				9D80A1842C6B4774002AB74F /* PukPuk.app */,
			);
			name = Products;
			sourceTree = "<group>";
		};
		9D80A1862C6B4774002AB74F /* PukPuk */ = {
			isa = PBXGroup;
			children = (
				9D80A1872C6B4774002AB74F /* PukPukApp.swift */,
				9D50F8482C72F54C000FC056 /* 542c.wav */,
				9D50F8492C72F54C000FC056 /* Assets.xcassets */,
				9D50F8162C72F54C000FC056 /* cry.wav */,
				9D50F84D2C72F54C000FC056 /* Docs */,
				9D50F8472C72F54C000FC056 /* Modules */,
				9D50F8172C72F54C000FC056 /* not_cry.wav */,
				9D50F84F2C72F54C000FC056 /* Preview Content */,
				9D50F8512C72F54C000FC056 /* RoutingCoordinator */,
				9D80A1892C6B4774002AB74F /* ContentView.swift */,
				9D80A1E72C6B49FC002AB74F /* DependencyInjection.swift */,
				9D80A1FB2C6B4AA7002AB74F /* Modules */,
				9D80A18B2C6B4776002AB74F /* Assets.xcassets */,
				9D80A18D2C6B4776002AB74F /* Preview Content */,
			);
			path = PukPuk;
			sourceTree = "<group>";
		};
		9D80A18D2C6B4776002AB74F /* Preview Content */ = {
			isa = PBXGroup;
			children = (
				9D80A18E2C6B4776002AB74F /* Preview Assets.xcassets */,
			);
			path = "Preview Content";
			sourceTree = "<group>";
		};
		9D80A1E92C6B4AA7002AB74F /* Data Source */ = {
			isa = PBXGroup;
			children = (
				9D80A2242C6C12EA002AB74F /* DataSource.swift */,
			);
			path = "Data Source";
			sourceTree = "<group>";
		};
		9D80A1EA2C6B4AA7002AB74F /* Repository */ = {
			isa = PBXGroup;
			children = (
				9D80A2262C6C12F5002AB74F /* Repository.swift */,
			);
			path = Repository;
			sourceTree = "<group>";
		};
		9D80A1EB2C6B4AA7002AB74F /* Data */ = {
			isa = PBXGroup;
			children = (
				9D80A1E92C6B4AA7002AB74F /* Data Source */,
				9D80A1EA2C6B4AA7002AB74F /* Repository */,
			);
			path = Data;
			sourceTree = "<group>";
		};
		9D80A1EC2C6B4AA7002AB74F /* Entities */ = {
			isa = PBXGroup;
			children = (
				9D80A2282C6C1303002AB74F /* Entities.swift */,
			);
			path = Entities;
			sourceTree = "<group>";
		};
		9D80A1F12C6B4AA7002AB74F /* Use Cases */ = {
			isa = PBXGroup;
			children = (
				9D80A22A2C6C130A002AB74F /* UseCase.swift */,
			);
			path = "Use Cases";
			sourceTree = "<group>";
		};
		9D80A1F22C6B4AA7002AB74F /* Domain */ = {
			isa = PBXGroup;
			children = (
				9D80A1EC2C6B4AA7002AB74F /* Entities */,
				9D80A1F12C6B4AA7002AB74F /* Use Cases */,
			);
			path = Domain;
			sourceTree = "<group>";
		};
		9D80A1F52C6B4AA7002AB74F /* View */ = {
			isa = PBXGroup;
			children = (
				9D80A22C2C6C1316002AB74F /* ExampleView.swift */,
			);
			path = View;
			sourceTree = "<group>";
		};
		9D80A1F82C6B4AA7002AB74F /* ViewModel */ = {
			isa = PBXGroup;
			children = (
				9D80A22E2C6C1321002AB74F /* ViewModel.swift */,
			);
			path = ViewModel;
			sourceTree = "<group>";
		};
		9D80A1F92C6B4AA7002AB74F /* Scene */ = {
			isa = PBXGroup;
			children = (
				9D80A1F52C6B4AA7002AB74F /* View */,
				9D80A1F82C6B4AA7002AB74F /* ViewModel */,
			);
			path = Scene;
			sourceTree = "<group>";
		};
		9D80A1FA2C6B4AA7002AB74F /* [TEMPLATE] */ = {
			isa = PBXGroup;
			children = (
				9D80A1EB2C6B4AA7002AB74F /* Data */,
				9D80A1F22C6B4AA7002AB74F /* Domain */,
				9D80A1F92C6B4AA7002AB74F /* Scene */,
			);
			path = "[TEMPLATE]";
			sourceTree = "<group>";
		};
		9D80A1FB2C6B4AA7002AB74F /* Modules */ = {
			isa = PBXGroup;
			children = (
				9D80A2172C6B4B85002AB74F /* HomePage */,
				9D80A1FA2C6B4AA7002AB74F /* [TEMPLATE] */,
			);
			path = Modules;
			sourceTree = "<group>";
		};
		9D80A20E2C6B4B85002AB74F /* Data Source */ = {
			isa = PBXGroup;
			children = (
				9D80A2182C6C11DC002AB74F /* HomeLocalDataSource.swift */,
			);
			path = "Data Source";
			sourceTree = "<group>";
		};
		9D80A20F2C6B4B85002AB74F /* Repository */ = {
			isa = PBXGroup;
			children = (
				9D80A21A2C6C11EA002AB74F /* HomeDefaultRepository.swift */,
			);
			path = Repository;
			sourceTree = "<group>";
		};
		9D80A2102C6B4B85002AB74F /* Data */ = {
			isa = PBXGroup;
			children = (
				9D80A20E2C6B4B85002AB74F /* Data Source */,
				9D80A20F2C6B4B85002AB74F /* Repository */,
			);
			path = Data;
			sourceTree = "<group>";
		};
		9D80A2112C6B4B85002AB74F /* Entities */ = {
			isa = PBXGroup;
			children = (
				9D80A21C2C6C11F9002AB74F /* HomeModel.swift */,
			);
			path = Entities;
			sourceTree = "<group>";
		};
		9D80A2122C6B4B85002AB74F /* Use Cases */ = {
			isa = PBXGroup;
			children = (
				9D80A21E2C6C1203002AB74F /* HomeUseCase.swift */,
			);
			path = "Use Cases";
			sourceTree = "<group>";
		};
		9D80A2132C6B4B85002AB74F /* Domain */ = {
			isa = PBXGroup;
			children = (
				9D80A2112C6B4B85002AB74F /* Entities */,
				9D80A2122C6B4B85002AB74F /* Use Cases */,
			);
			path = Domain;
			sourceTree = "<group>";
		};
		9D80A2142C6B4B85002AB74F /* View */ = {
			isa = PBXGroup;
			children = (
				9D80A2202C6C122A002AB74F /* HomeView.swift */,
			);
			path = View;
			sourceTree = "<group>";
		};
		9D80A2152C6B4B85002AB74F /* ViewModel */ = {
			isa = PBXGroup;
			children = (
				9D80A2222C6C1235002AB74F /* HomeViewModel.swift */,
			);
			path = ViewModel;
			sourceTree = "<group>";
		};
		9D80A2162C6B4B85002AB74F /* Scene */ = {
			isa = PBXGroup;
			children = (
				0E1E59462C6DAE5400FB1770 /* Loading Screen */,
				9D80A2142C6B4B85002AB74F /* View */,
				9D80A2152C6B4B85002AB74F /* ViewModel */,
			);
			path = Scene;
			sourceTree = "<group>";
		};
		9D80A2172C6B4B85002AB74F /* HomePage */ = {
			isa = PBXGroup;
			children = (
				9D80A2102C6B4B85002AB74F /* Data */,
				9D80A2132C6B4B85002AB74F /* Domain */,
				9D80A2162C6B4B85002AB74F /* Scene */,
			);
			path = HomePage;
			sourceTree = "<group>";
		};
/* End PBXGroup section */

/* Begin PBXNativeTarget section */
		9D80A1832C6B4774002AB74F /* PukPuk */ = {
			isa = PBXNativeTarget;
			buildConfigurationList = 9D80A1922C6B4776002AB74F /* Build configuration list for PBXNativeTarget "PukPuk" */;
			buildPhases = (
				9D80A1802C6B4774002AB74F /* Sources */,
				9D80A1812C6B4774002AB74F /* Frameworks */,
				9D80A1822C6B4774002AB74F /* Resources */,
			);
			buildRules = (
			);
			dependencies = (
			);
			name = PukPuk;
			productName = PukPuk;
			productReference = 9D80A1842C6B4774002AB74F /* PukPuk.app */;
			productType = "com.apple.product-type.application";
		};
/* End PBXNativeTarget section */

/* Begin PBXProject section */
		9D80A17C2C6B4774002AB74F /* Project object */ = {
			isa = PBXProject;
			attributes = {
				BuildIndependentTargetsInParallel = 1;
				LastSwiftUpdateCheck = 1530;
				LastUpgradeCheck = 1530;
				TargetAttributes = {
					9D80A1832C6B4774002AB74F = {
						CreatedOnToolsVersion = 15.3;
					};
				};
			};
			buildConfigurationList = 9D80A17F2C6B4774002AB74F /* Build configuration list for PBXProject "PukPuk" */;
			compatibilityVersion = "Xcode 14.0";
			developmentRegion = en;
			hasScannedForEncodings = 0;
			knownRegions = (
				en,
				Base,
			);
			mainGroup = 9D80A17B2C6B4774002AB74F;
			productRefGroup = 9D80A1852C6B4774002AB74F /* Products */;
			projectDirPath = "";
			projectRoot = "";
			targets = (
				9D80A1832C6B4774002AB74F /* PukPuk */,
			);
		};
/* End PBXProject section */

/* Begin PBXResourcesBuildPhase section */
		9D80A1822C6B4774002AB74F /* Resources */ = {
			isa = PBXResourcesBuildPhase;
			buildActionMask = 2147483647;
			files = (
				9D80A18F2C6B4776002AB74F /* Preview Assets.xcassets in Resources */,
				9D50F86F2C72F54C000FC056 /* Preview Assets.xcassets in Resources */,
				9D50F86E2C72F54C000FC056 /* PukPuk.png in Resources */,
				9D50F8532C72F54C000FC056 /* not_cry.wav in Resources */,
				9D50F8A92C72F76E000FC056 /* RecordPageViewController.xib in Resources */,
				9D8535362C6DFFA7007FF46E /* (null) in Resources */,
				9D50F86B2C72F54C000FC056 /* 542c.wav in Resources */,
				9D50F86D2C72F54C000FC056 /* ClassDiagram.puml in Resources */,
				9D8535302C6DB963007FF46E /* (null) in Resources */,
				9D80A18C2C6B4776002AB74F /* Assets.xcassets in Resources */,
				9D50F86C2C72F54C000FC056 /* Assets.xcassets in Resources */,
				9D50F8522C72F54C000FC056 /* cry.wav in Resources */,
			);
			runOnlyForDeploymentPostprocessing = 0;
		};
/* End PBXResourcesBuildPhase section */

/* Begin PBXSourcesBuildPhase section */
		9D80A1802C6B4774002AB74F /* Sources */ = {
			isa = PBXSourcesBuildPhase;
			buildActionMask = 2147483647;
			files = (
				9D50F8562C72F54C000FC056 /* Entities.swift in Sources */,
				9D80A18A2C6B4774002AB74F /* ContentView.swift in Sources */,
				0E1E59482C6DAECC00FB1770 /* LoadingViewControllerRepresentable.swift in Sources */,
				9D50F85D2C72F54C000FC056 /* HomeDataSource.swift in Sources */,
				9D50F8652C72F54C000FC056 /* LoadingViewControllerRepresentable.swift in Sources */,
				9D85352E2C6DB6FB007FF46E /* (null) in Sources */,
				9D50F85B2C72F54C000FC056 /* CryClassificationErrorEnum.swift in Sources */,
				9D8535382C6E030F007FF46E /* (null) in Sources */,
				9D50F89A2C72F76E000FC056 /* FileManagerDataSource.swift in Sources */,
				9D80A2232C6C1235002AB74F /* HomeViewModel.swift in Sources */,
				9D50F85E2C72F54C000FC056 /* HomeDataSourceProtocol.swift in Sources */,
				9D50F8A82C72F76E000FC056 /* RecordPageViewController.swift in Sources */,
				9D50F8722C72F5F6000FC056 /* TestFullScreenCover.swift in Sources */,
				9D50F8592C72F54C000FC056 /* ViewModel.swift in Sources */,
				9D50F8702C72F54C000FC056 /* RoutingCoordinator.swift in Sources */,
				9D50F89D2C72F76E000FC056 /* ResultObserver.swift in Sources */,
				9D80A21B2C6C11EA002AB74F /* HomeDefaultRepository.swift in Sources */,
				9D50F89B2C72F76E000FC056 /* RecordPageRepositoryImpl.swift in Sources */,
				9D80A21F2C6C1203002AB74F /* HomeUseCase.swift in Sources */,
				0E1E59452C6DADB800FB1770 /* ViewController.swift in Sources */,
				9D80A21D2C6C11F9002AB74F /* HomeModel.swift in Sources */,
				9D80A2272C6C12F5002AB74F /* Repository.swift in Sources */,
				9D50F8682C72F54C000FC056 /* HomeView.swift in Sources */,
				9D80A22B2C6C130A002AB74F /* UseCase.swift in Sources */,
				9D50F8552C72F54C000FC056 /* Repository.swift in Sources */,
				9D50F8672C72F54C000FC056 /* ViewController.swift in Sources */,
				9D50F8962C72F76E000FC056 /* RecordPageCoordinator.swift in Sources */,
				9D50F8642C72F54C000FC056 /* HomeUseCaseProtocol.swift in Sources */,
				9D80A2292C6C1303002AB74F /* Entities.swift in Sources */,
				9D50F8A12C72F76E000FC056 /* ClassificationRepository.swift in Sources */,
				9D50F8A42C72F76E000FC056 /* GetRecordedAudioUseCase.swift in Sources */,
				9D50F8582C72F54C000FC056 /* ExampleView.swift in Sources */,
				9D50F8692C72F54C000FC056 /* HomeViewModel.swift in Sources */,
				9D50F8A62C72F76E000FC056 /* StopRecordUseCase.swift in Sources */,
				9D50F85A2C72F54C000FC056 /* BabyCrySoundClassifierFinal.mlmodel in Sources */,
				9D50F8A32C72F76E000FC056 /* ClassifyAudioUseCase.swift in Sources */,
				9D50F8AA2C72F76E000FC056 /* RecordPageViewModel.swift in Sources */,
				9D50F8542C72F54C000FC056 /* DataSource.swift in Sources */,
				9D50F8602C72F54C000FC056 /* HomeDefaultRepository.swift in Sources */,
				9D50F8972C72F76E000FC056 /* AudioPlayerDataSource.swift in Sources */,
				9D50F8992C72F76E000FC056 /* classificationDataSource.swift in Sources */,
				9D85352D2C6DB6FB007FF46E /* (null) in Sources */,
				9D80A1882C6B4774002AB74F /* PukPukApp.swift in Sources */,
				9D50F8622C72F54C000FC056 /* HomeModel.swift in Sources */,
				9D80A2212C6C122A002AB74F /* HomeView.swift in Sources */,
				9D80A22F2C6C1321002AB74F /* ViewModel.swift in Sources */,
				9D50F8612C72F54C000FC056 /* HomeDefaultRepositoryProtocol.swift in Sources */,
				9D50F89E2C72F76E000FC056 /* AudioRecordingEntity.swift in Sources */,
				9D50F8742C72F626000FC056 /* TestSheet.swift in Sources */,
				9D50F8572C72F54C000FC056 /* UseCase.swift in Sources */,
				9D80A1E82C6B49FC002AB74F /* DependencyInjection.swift in Sources */,
				9D80A2252C6C12EA002AB74F /* DataSource.swift in Sources */,
				9D50F85C2C72F54C000FC056 /* CryNotCry.mlmodel in Sources */,
				9D50F8632C72F54C000FC056 /* HomeUseCase.swift in Sources */,
				9D50F8982C72F76E000FC056 /* audioRecorderDataSource.swift in Sources */,
				9D80A2822C6C5DA8002AB74F /* (null) in Sources */,
				9D50F8662C72F54C000FC056 /* SceneDelegate.swift in Sources */,
				9D50F89F2C72F76E000FC056 /* ClassificationResultEntity.swift in Sources */,
				9D50F8A02C72F76E000FC056 /* AudioRepository.swift in Sources */,
				9D50F8A22C72F76E000FC056 /* CancelRecordUseCase.swift in Sources */,
				9D80A2352C6C1B50002AB74F /* (null) in Sources */,
				9D50F89C2C72F76E000FC056 /* AudioService.swift in Sources */,
				9D50F85F2C72F54C000FC056 /* HomeLocalDataSource.swift in Sources */,
				9D50F8A52C72F76E000FC056 /* StartRecordUseCase.swift in Sources */,
				9D80A22D2C6C1316002AB74F /* ExampleView.swift in Sources */,
				9D80A2192C6C11DC002AB74F /* HomeLocalDataSource.swift in Sources */,
			);
			runOnlyForDeploymentPostprocessing = 0;
		};
/* End PBXSourcesBuildPhase section */

/* Begin XCBuildConfiguration section */
		9D80A1902C6B4776002AB74F /* Debug */ = {
			isa = XCBuildConfiguration;
			buildSettings = {
				ALWAYS_SEARCH_USER_PATHS = NO;
				ASSETCATALOG_COMPILER_GENERATE_SWIFT_ASSET_SYMBOL_EXTENSIONS = YES;
				CLANG_ANALYZER_NONNULL = YES;
				CLANG_ANALYZER_NUMBER_OBJECT_CONVERSION = YES_AGGRESSIVE;
				CLANG_CXX_LANGUAGE_STANDARD = "gnu++20";
				CLANG_ENABLE_MODULES = YES;
				CLANG_ENABLE_OBJC_ARC = YES;
				CLANG_ENABLE_OBJC_WEAK = YES;
				CLANG_WARN_BLOCK_CAPTURE_AUTORELEASING = YES;
				CLANG_WARN_BOOL_CONVERSION = YES;
				CLANG_WARN_COMMA = YES;
				CLANG_WARN_CONSTANT_CONVERSION = YES;
				CLANG_WARN_DEPRECATED_OBJC_IMPLEMENTATIONS = YES;
				CLANG_WARN_DIRECT_OBJC_ISA_USAGE = YES_ERROR;
				CLANG_WARN_DOCUMENTATION_COMMENTS = YES;
				CLANG_WARN_EMPTY_BODY = YES;
				CLANG_WARN_ENUM_CONVERSION = YES;
				CLANG_WARN_INFINITE_RECURSION = YES;
				CLANG_WARN_INT_CONVERSION = YES;
				CLANG_WARN_NON_LITERAL_NULL_CONVERSION = YES;
				CLANG_WARN_OBJC_IMPLICIT_RETAIN_SELF = YES;
				CLANG_WARN_OBJC_LITERAL_CONVERSION = YES;
				CLANG_WARN_OBJC_ROOT_CLASS = YES_ERROR;
				CLANG_WARN_QUOTED_INCLUDE_IN_FRAMEWORK_HEADER = YES;
				CLANG_WARN_RANGE_LOOP_ANALYSIS = YES;
				CLANG_WARN_STRICT_PROTOTYPES = YES;
				CLANG_WARN_SUSPICIOUS_MOVE = YES;
				CLANG_WARN_UNGUARDED_AVAILABILITY = YES_AGGRESSIVE;
				CLANG_WARN_UNREACHABLE_CODE = YES;
				CLANG_WARN__DUPLICATE_METHOD_MATCH = YES;
				COPY_PHASE_STRIP = NO;
				DEBUG_INFORMATION_FORMAT = dwarf;
				ENABLE_STRICT_OBJC_MSGSEND = YES;
				ENABLE_TESTABILITY = YES;
				ENABLE_USER_SCRIPT_SANDBOXING = YES;
				GCC_C_LANGUAGE_STANDARD = gnu17;
				GCC_DYNAMIC_NO_PIC = NO;
				GCC_NO_COMMON_BLOCKS = YES;
				GCC_OPTIMIZATION_LEVEL = 0;
				GCC_PREPROCESSOR_DEFINITIONS = (
					"DEBUG=1",
					"$(inherited)",
				);
				GCC_WARN_64_TO_32_BIT_CONVERSION = YES;
				GCC_WARN_ABOUT_RETURN_TYPE = YES_ERROR;
				GCC_WARN_UNDECLARED_SELECTOR = YES;
				GCC_WARN_UNINITIALIZED_AUTOS = YES_AGGRESSIVE;
				GCC_WARN_UNUSED_FUNCTION = YES;
				GCC_WARN_UNUSED_VARIABLE = YES;
				IPHONEOS_DEPLOYMENT_TARGET = 17.4;
				LOCALIZATION_PREFERS_STRING_CATALOGS = YES;
				MTL_ENABLE_DEBUG_INFO = INCLUDE_SOURCE;
				MTL_FAST_MATH = YES;
				ONLY_ACTIVE_ARCH = YES;
				SDKROOT = iphoneos;
				SWIFT_ACTIVE_COMPILATION_CONDITIONS = "DEBUG $(inherited)";
				SWIFT_OPTIMIZATION_LEVEL = "-Onone";
			};
			name = Debug;
		};
		9D80A1912C6B4776002AB74F /* Release */ = {
			isa = XCBuildConfiguration;
			buildSettings = {
				ALWAYS_SEARCH_USER_PATHS = NO;
				ASSETCATALOG_COMPILER_GENERATE_SWIFT_ASSET_SYMBOL_EXTENSIONS = YES;
				CLANG_ANALYZER_NONNULL = YES;
				CLANG_ANALYZER_NUMBER_OBJECT_CONVERSION = YES_AGGRESSIVE;
				CLANG_CXX_LANGUAGE_STANDARD = "gnu++20";
				CLANG_ENABLE_MODULES = YES;
				CLANG_ENABLE_OBJC_ARC = YES;
				CLANG_ENABLE_OBJC_WEAK = YES;
				CLANG_WARN_BLOCK_CAPTURE_AUTORELEASING = YES;
				CLANG_WARN_BOOL_CONVERSION = YES;
				CLANG_WARN_COMMA = YES;
				CLANG_WARN_CONSTANT_CONVERSION = YES;
				CLANG_WARN_DEPRECATED_OBJC_IMPLEMENTATIONS = YES;
				CLANG_WARN_DIRECT_OBJC_ISA_USAGE = YES_ERROR;
				CLANG_WARN_DOCUMENTATION_COMMENTS = YES;
				CLANG_WARN_EMPTY_BODY = YES;
				CLANG_WARN_ENUM_CONVERSION = YES;
				CLANG_WARN_INFINITE_RECURSION = YES;
				CLANG_WARN_INT_CONVERSION = YES;
				CLANG_WARN_NON_LITERAL_NULL_CONVERSION = YES;
				CLANG_WARN_OBJC_IMPLICIT_RETAIN_SELF = YES;
				CLANG_WARN_OBJC_LITERAL_CONVERSION = YES;
				CLANG_WARN_OBJC_ROOT_CLASS = YES_ERROR;
				CLANG_WARN_QUOTED_INCLUDE_IN_FRAMEWORK_HEADER = YES;
				CLANG_WARN_RANGE_LOOP_ANALYSIS = YES;
				CLANG_WARN_STRICT_PROTOTYPES = YES;
				CLANG_WARN_SUSPICIOUS_MOVE = YES;
				CLANG_WARN_UNGUARDED_AVAILABILITY = YES_AGGRESSIVE;
				CLANG_WARN_UNREACHABLE_CODE = YES;
				CLANG_WARN__DUPLICATE_METHOD_MATCH = YES;
				COPY_PHASE_STRIP = NO;
				DEBUG_INFORMATION_FORMAT = "dwarf-with-dsym";
				ENABLE_NS_ASSERTIONS = NO;
				ENABLE_STRICT_OBJC_MSGSEND = YES;
				ENABLE_USER_SCRIPT_SANDBOXING = YES;
				GCC_C_LANGUAGE_STANDARD = gnu17;
				GCC_NO_COMMON_BLOCKS = YES;
				GCC_WARN_64_TO_32_BIT_CONVERSION = YES;
				GCC_WARN_ABOUT_RETURN_TYPE = YES_ERROR;
				GCC_WARN_UNDECLARED_SELECTOR = YES;
				GCC_WARN_UNINITIALIZED_AUTOS = YES_AGGRESSIVE;
				GCC_WARN_UNUSED_FUNCTION = YES;
				GCC_WARN_UNUSED_VARIABLE = YES;
				IPHONEOS_DEPLOYMENT_TARGET = 17.4;
				LOCALIZATION_PREFERS_STRING_CATALOGS = YES;
				MTL_ENABLE_DEBUG_INFO = NO;
				MTL_FAST_MATH = YES;
				SDKROOT = iphoneos;
				SWIFT_COMPILATION_MODE = wholemodule;
				VALIDATE_PRODUCT = YES;
			};
			name = Release;
		};
		9D80A1932C6B4776002AB74F /* Debug */ = {
			isa = XCBuildConfiguration;
			buildSettings = {
				ASSETCATALOG_COMPILER_APPICON_NAME = AppIcon;
				ASSETCATALOG_COMPILER_GLOBAL_ACCENT_COLOR_NAME = AccentColor;
				CODE_SIGN_STYLE = Automatic;
				CURRENT_PROJECT_VERSION = 1;
				DEVELOPMENT_ASSET_PATHS = "\"PukPuk/Preview Content\"";
				DEVELOPMENT_TEAM = 56MX8FP3GC;
				ENABLE_PREVIEWS = YES;
				GENERATE_INFOPLIST_FILE = YES;
				INFOPLIST_KEY_UIApplicationSceneManifest_Generation = YES;
				INFOPLIST_KEY_UIApplicationSupportsIndirectInputEvents = YES;
				INFOPLIST_KEY_UILaunchScreen_Generation = YES;
				INFOPLIST_KEY_UISupportedInterfaceOrientations_iPad = "UIInterfaceOrientationPortrait UIInterfaceOrientationPortraitUpsideDown UIInterfaceOrientationLandscapeLeft UIInterfaceOrientationLandscapeRight";
				INFOPLIST_KEY_UISupportedInterfaceOrientations_iPhone = "UIInterfaceOrientationPortrait UIInterfaceOrientationLandscapeLeft UIInterfaceOrientationLandscapeRight";
				LD_RUNPATH_SEARCH_PATHS = (
					"$(inherited)",
					"@executable_path/Frameworks",
				);
				MARKETING_VERSION = 1.0;
				PRODUCT_BUNDLE_IDENTIFIER = com.PukPuk;
				PRODUCT_NAME = "$(TARGET_NAME)";
				SWIFT_EMIT_LOC_STRINGS = YES;
				SWIFT_VERSION = 5.0;
				TARGETED_DEVICE_FAMILY = "1,2";
			};
			name = Debug;
		};
		9D80A1942C6B4776002AB74F /* Release */ = {
			isa = XCBuildConfiguration;
			buildSettings = {
				ASSETCATALOG_COMPILER_APPICON_NAME = AppIcon;
				ASSETCATALOG_COMPILER_GLOBAL_ACCENT_COLOR_NAME = AccentColor;
				CODE_SIGN_STYLE = Automatic;
				CURRENT_PROJECT_VERSION = 1;
				DEVELOPMENT_ASSET_PATHS = "\"PukPuk/Preview Content\"";
				DEVELOPMENT_TEAM = 56MX8FP3GC;
				ENABLE_PREVIEWS = YES;
				GENERATE_INFOPLIST_FILE = YES;
				INFOPLIST_KEY_UIApplicationSceneManifest_Generation = YES;
				INFOPLIST_KEY_UIApplicationSupportsIndirectInputEvents = YES;
				INFOPLIST_KEY_UILaunchScreen_Generation = YES;
				INFOPLIST_KEY_UISupportedInterfaceOrientations_iPad = "UIInterfaceOrientationPortrait UIInterfaceOrientationPortraitUpsideDown UIInterfaceOrientationLandscapeLeft UIInterfaceOrientationLandscapeRight";
				INFOPLIST_KEY_UISupportedInterfaceOrientations_iPhone = "UIInterfaceOrientationPortrait UIInterfaceOrientationLandscapeLeft UIInterfaceOrientationLandscapeRight";
				LD_RUNPATH_SEARCH_PATHS = (
					"$(inherited)",
					"@executable_path/Frameworks",
				);
				MARKETING_VERSION = 1.0;
				PRODUCT_BUNDLE_IDENTIFIER = com.PukPuk;
				PRODUCT_NAME = "$(TARGET_NAME)";
				SWIFT_EMIT_LOC_STRINGS = YES;
				SWIFT_VERSION = 5.0;
				TARGETED_DEVICE_FAMILY = "1,2";
			};
			name = Release;
		};
/* End XCBuildConfiguration section */

/* Begin XCConfigurationList section */
		9D80A17F2C6B4774002AB74F /* Build configuration list for PBXProject "PukPuk" */ = {
			isa = XCConfigurationList;
			buildConfigurations = (
				9D80A1902C6B4776002AB74F /* Debug */,
				9D80A1912C6B4776002AB74F /* Release */,
			);
			defaultConfigurationIsVisible = 0;
			defaultConfigurationName = Release;
		};
		9D80A1922C6B4776002AB74F /* Build configuration list for PBXNativeTarget "PukPuk" */ = {
			isa = XCConfigurationList;
			buildConfigurations = (
				9D80A1932C6B4776002AB74F /* Debug */,
				9D80A1942C6B4776002AB74F /* Release */,
			);
			defaultConfigurationIsVisible = 0;
			defaultConfigurationName = Release;
		};
/* End XCConfigurationList section */
	};
	rootObject = 9D80A17C2C6B4774002AB74F /* Project object */;
}
