// !$*UTF8*$!
{
	archiveVersion = 1;
	classes = {
	};
	objectVersion = 56;
	objects = {

/* Begin PBXBuildFile section */
		9D80A1882C6B4774002AB74F /* PukPukApp.swift in Sources */ = {isa = PBXBuildFile; fileRef = 9D80A1872C6B4774002AB74F /* PukPukApp.swift */; };
		9D80A18A2C6B4774002AB74F /* ContentView.swift in Sources */ = {isa = PBXBuildFile; fileRef = 9D80A1892C6B4774002AB74F /* ContentView.swift */; };
		9D80A18C2C6B4776002AB74F /* Assets.xcassets in Resources */ = {isa = PBXBuildFile; fileRef = 9D80A18B2C6B4776002AB74F /* Assets.xcassets */; };
		9D80A18F2C6B4776002AB74F /* Preview Assets.xcassets in Resources */ = {isa = PBXBuildFile; fileRef = 9D80A18E2C6B4776002AB74F /* Preview Assets.xcassets */; };
		9D80A1E82C6B49FC002AB74F /* DependencyInjection.swift in Sources */ = {isa = PBXBuildFile; fileRef = 9D80A1E72C6B49FC002AB74F /* DependencyInjection.swift */; };
		9D80A2192C6C11DC002AB74F /* HomeDataSource.swift in Sources */ = {isa = PBXBuildFile; fileRef = 9D80A2182C6C11DC002AB74F /* HomeDataSource.swift */; };
		9D80A21B2C6C11EA002AB74F /* HomeDefaultRepository.swift in Sources */ = {isa = PBXBuildFile; fileRef = 9D80A21A2C6C11EA002AB74F /* HomeDefaultRepository.swift */; };
		9D80A21D2C6C11F9002AB74F /* HomeModel.swift in Sources */ = {isa = PBXBuildFile; fileRef = 9D80A21C2C6C11F9002AB74F /* HomeModel.swift */; };
		9D80A21F2C6C1203002AB74F /* HomeUseCase.swift in Sources */ = {isa = PBXBuildFile; fileRef = 9D80A21E2C6C1203002AB74F /* HomeUseCase.swift */; };
		9D80A2212C6C122A002AB74F /* HomeView.swift in Sources */ = {isa = PBXBuildFile; fileRef = 9D80A2202C6C122A002AB74F /* HomeView.swift */; };
		9D80A2232C6C1235002AB74F /* HomeViewModel.swift in Sources */ = {isa = PBXBuildFile; fileRef = 9D80A2222C6C1235002AB74F /* HomeViewModel.swift */; };
		9D80A2252C6C12EA002AB74F /* DataSource.swift in Sources */ = {isa = PBXBuildFile; fileRef = 9D80A2242C6C12EA002AB74F /* DataSource.swift */; };
		9D80A2272C6C12F5002AB74F /* Repository.swift in Sources */ = {isa = PBXBuildFile; fileRef = 9D80A2262C6C12F5002AB74F /* Repository.swift */; };
		9D80A2292C6C1303002AB74F /* Entities.swift in Sources */ = {isa = PBXBuildFile; fileRef = 9D80A2282C6C1303002AB74F /* Entities.swift */; };
		9D80A22B2C6C130A002AB74F /* UseCase.swift in Sources */ = {isa = PBXBuildFile; fileRef = 9D80A22A2C6C130A002AB74F /* UseCase.swift */; };
		9D80A22D2C6C1316002AB74F /* ExampleView.swift in Sources */ = {isa = PBXBuildFile; fileRef = 9D80A22C2C6C1316002AB74F /* ExampleView.swift */; };
		9D80A22F2C6C1321002AB74F /* ViewModel.swift in Sources */ = {isa = PBXBuildFile; fileRef = 9D80A22E2C6C1321002AB74F /* ViewModel.swift */; };
		CD73CE462C6C5D4700C07729 /* RecordPageViewController.xib in Resources */ = {isa = PBXBuildFile; fileRef = CD73CE452C6C5D4700C07729 /* RecordPageViewController.xib */; };
		CD73CE472C6C5D4700C07729 /* RecordPageViewController.swift in Sources */ = {isa = PBXBuildFile; fileRef = CD73CE442C6C5D4700C07729 /* RecordPageViewController.swift */; };
		CD73CE4E2C6CFEB000C07729 /* PulseAnimation.swift in Sources */ = {isa = PBXBuildFile; fileRef = CD73CE4D2C6CFEB000C07729 /* PulseAnimation.swift */; };
		CD73CE552C6D0E3E00C07729 /* AudioRecordingEntity.swift in Sources */ = {isa = PBXBuildFile; fileRef = CD73CE542C6D0E3E00C07729 /* AudioRecordingEntity.swift */; };
		CD73CE572C6D0F3700C07729 /* ClassificationResultEntity.swift in Sources */ = {isa = PBXBuildFile; fileRef = CD73CE562C6D0F3700C07729 /* ClassificationResultEntity.swift */; };
		CD73CE5B2C6D0FE000C07729 /* AudioRepository.swift in Sources */ = {isa = PBXBuildFile; fileRef = CD73CE5A2C6D0FE000C07729 /* AudioRepository.swift */; };
		CD73CE5D2C6D104500C07729 /* StartRecordUseCase.swift in Sources */ = {isa = PBXBuildFile; fileRef = CD73CE5C2C6D104500C07729 /* StartRecordUseCase.swift */; };
		CD73CE5F2C6D104F00C07729 /* StopRecordUseCase.swift in Sources */ = {isa = PBXBuildFile; fileRef = CD73CE5E2C6D104F00C07729 /* StopRecordUseCase.swift */; };
		CD73CE612C6D109800C07729 /* CancelRecordUseCase.swift in Sources */ = {isa = PBXBuildFile; fileRef = CD73CE602C6D109800C07729 /* CancelRecordUseCase.swift */; };
		CD73CE632C6D10BD00C07729 /* ClassifyAudioUseCase.swift in Sources */ = {isa = PBXBuildFile; fileRef = CD73CE622C6D10BD00C07729 /* ClassifyAudioUseCase.swift */; };
		CD73CE672C6D124800C07729 /* RecordPageRepositoryImpl.swift in Sources */ = {isa = PBXBuildFile; fileRef = CD73CE662C6D124800C07729 /* RecordPageRepositoryImpl.swift */; };
		CD73CE6D2C6D170800C07729 /* AudioService.swift in Sources */ = {isa = PBXBuildFile; fileRef = CD73CE6C2C6D170800C07729 /* AudioService.swift */; };
		CD73CE712C6D1AA600C07729 /* RecordPageViewModel.swift in Sources */ = {isa = PBXBuildFile; fileRef = CD73CE702C6D1AA600C07729 /* RecordPageViewModel.swift */; };
		CD73CE732C6DBE9900C07729 /* GetRecordedAudioUseCase.swift in Sources */ = {isa = PBXBuildFile; fileRef = CD73CE722C6DBE9900C07729 /* GetRecordedAudioUseCase.swift */; };
		CD73CE752C6DC17600C07729 /* ClassificationRepository.swift in Sources */ = {isa = PBXBuildFile; fileRef = CD73CE742C6DC17600C07729 /* ClassificationRepository.swift */; };
		CD73CE772C6DC3D200C07729 /* audioRecorderDataSource.swift in Sources */ = {isa = PBXBuildFile; fileRef = CD73CE762C6DC3D200C07729 /* audioRecorderDataSource.swift */; };
		CD73CE792C6DC55100C07729 /* AudioPlayerDataSource.swift in Sources */ = {isa = PBXBuildFile; fileRef = CD73CE782C6DC55100C07729 /* AudioPlayerDataSource.swift */; };
		CD73CE7B2C6DC67C00C07729 /* classificationDataSource.swift in Sources */ = {isa = PBXBuildFile; fileRef = CD73CE7A2C6DC67C00C07729 /* classificationDataSource.swift */; };
		CD73CE7D2C6DC96300C07729 /* ResultObserver.swift in Sources */ = {isa = PBXBuildFile; fileRef = CD73CE7C2C6DC96300C07729 /* ResultObserver.swift */; };
		CD73CE802C6DE86400C07729 /* RecordPageCoordinator.swift in Sources */ = {isa = PBXBuildFile; fileRef = CD73CE7F2C6DE86400C07729 /* RecordPageCoordinator.swift */; };
		CD73CE822C6DF53C00C07729 /* FileManagerDataSource.swift in Sources */ = {isa = PBXBuildFile; fileRef = CD73CE812C6DF53C00C07729 /* FileManagerDataSource.swift */; };
		CD73CE842C6E147400C07729 /* BabyCrySoundClassifierFinal.mlmodel in Sources */ = {isa = PBXBuildFile; fileRef = CD73CE832C6E147400C07729 /* BabyCrySoundClassifierFinal.mlmodel */; };
		9D80A2312C6C19D5002AB74F /* HomeUseCaseProtocol.swift in Sources */ = {isa = PBXBuildFile; fileRef = 9D80A2302C6C19D5002AB74F /* HomeUseCaseProtocol.swift */; };
		9D80A2332C6C1B05002AB74F /* HomeDefaultRepositoryProtocol.swift in Sources */ = {isa = PBXBuildFile; fileRef = 9D80A2322C6C1B05002AB74F /* HomeDefaultRepositoryProtocol.swift */; };
		9D80A2352C6C1B50002AB74F /* HomeLocalDataSourceProtocol.swift in Sources */ = {isa = PBXBuildFile; fileRef = 9D80A2342C6C1B50002AB74F /* HomeLocalDataSourceProtocol.swift */; };
		9D80A2772C6C296A002AB74F /* PukPuk_Tests.swift in Sources */ = {isa = PBXBuildFile; fileRef = 9D80A2762C6C296A002AB74F /* PukPuk_Tests.swift */; };
		9D80A27F2C6C5D3E002AB74F /* RoutingCoordinator.swift in Sources */ = {isa = PBXBuildFile; fileRef = 9D80A27E2C6C5D3E002AB74F /* RoutingCoordinator.swift */; };
		9D80A2822C6C5DA8002AB74F /* TestSheet.swift in Sources */ = {isa = PBXBuildFile; fileRef = 9D80A2802C6C5DA8002AB74F /* TestSheet.swift */; };
		9D80A2832C6C5DA8002AB74F /* TestFullScreenCover.swift in Sources */ = {isa = PBXBuildFile; fileRef = 9D80A2812C6C5DA8002AB74F /* TestFullScreenCover.swift */; };
/* End PBXBuildFile section */

/* Begin PBXFileReference section */
		9D80A1842C6B4774002AB74F /* PukPuk.app */ = {isa = PBXFileReference; explicitFileType = wrapper.application; includeInIndex = 0; path = PukPuk.app; sourceTree = BUILT_PRODUCTS_DIR; };
		9D80A1872C6B4774002AB74F /* PukPukApp.swift */ = {isa = PBXFileReference; lastKnownFileType = sourcecode.swift; path = PukPukApp.swift; sourceTree = "<group>"; };
		9D80A1892C6B4774002AB74F /* ContentView.swift */ = {isa = PBXFileReference; lastKnownFileType = sourcecode.swift; path = ContentView.swift; sourceTree = "<group>"; };
		9D80A18B2C6B4776002AB74F /* Assets.xcassets */ = {isa = PBXFileReference; lastKnownFileType = folder.assetcatalog; path = Assets.xcassets; sourceTree = "<group>"; };
		9D80A18E2C6B4776002AB74F /* Preview Assets.xcassets */ = {isa = PBXFileReference; lastKnownFileType = folder.assetcatalog; path = "Preview Assets.xcassets"; sourceTree = "<group>"; };
		9D80A1E72C6B49FC002AB74F /* DependencyInjection.swift */ = {isa = PBXFileReference; fileEncoding = 4; lastKnownFileType = sourcecode.swift; path = DependencyInjection.swift; sourceTree = "<group>"; };
		9D80A2182C6C11DC002AB74F /* HomeDataSource.swift */ = {isa = PBXFileReference; lastKnownFileType = sourcecode.swift; path = HomeDataSource.swift; sourceTree = "<group>"; };
		9D80A21A2C6C11EA002AB74F /* HomeDefaultRepository.swift */ = {isa = PBXFileReference; lastKnownFileType = sourcecode.swift; path = HomeDefaultRepository.swift; sourceTree = "<group>"; };
		9D80A21C2C6C11F9002AB74F /* HomeModel.swift */ = {isa = PBXFileReference; lastKnownFileType = sourcecode.swift; path = HomeModel.swift; sourceTree = "<group>"; };
		9D80A21E2C6C1203002AB74F /* HomeUseCase.swift */ = {isa = PBXFileReference; lastKnownFileType = sourcecode.swift; path = HomeUseCase.swift; sourceTree = "<group>"; };
		9D80A2202C6C122A002AB74F /* HomeView.swift */ = {isa = PBXFileReference; lastKnownFileType = sourcecode.swift; path = HomeView.swift; sourceTree = "<group>"; };
		9D80A2222C6C1235002AB74F /* HomeViewModel.swift */ = {isa = PBXFileReference; lastKnownFileType = sourcecode.swift; path = HomeViewModel.swift; sourceTree = "<group>"; };
		9D80A2242C6C12EA002AB74F /* DataSource.swift */ = {isa = PBXFileReference; lastKnownFileType = sourcecode.swift; path = DataSource.swift; sourceTree = "<group>"; };
		9D80A2262C6C12F5002AB74F /* Repository.swift */ = {isa = PBXFileReference; lastKnownFileType = sourcecode.swift; path = Repository.swift; sourceTree = "<group>"; };
		9D80A2282C6C1303002AB74F /* Entities.swift */ = {isa = PBXFileReference; lastKnownFileType = sourcecode.swift; path = Entities.swift; sourceTree = "<group>"; };
		9D80A22A2C6C130A002AB74F /* UseCase.swift */ = {isa = PBXFileReference; lastKnownFileType = sourcecode.swift; path = UseCase.swift; sourceTree = "<group>"; };
		9D80A22C2C6C1316002AB74F /* ExampleView.swift */ = {isa = PBXFileReference; lastKnownFileType = sourcecode.swift; path = ExampleView.swift; sourceTree = "<group>"; };
		9D80A22E2C6C1321002AB74F /* ViewModel.swift */ = {isa = PBXFileReference; lastKnownFileType = sourcecode.swift; path = ViewModel.swift; sourceTree = "<group>"; };
		CD73CE442C6C5D4700C07729 /* RecordPageViewController.swift */ = {isa = PBXFileReference; lastKnownFileType = sourcecode.swift; path = RecordPageViewController.swift; sourceTree = "<group>"; };
		CD73CE452C6C5D4700C07729 /* RecordPageViewController.xib */ = {isa = PBXFileReference; lastKnownFileType = file.xib; path = RecordPageViewController.xib; sourceTree = "<group>"; };
		CD73CE4D2C6CFEB000C07729 /* PulseAnimation.swift */ = {isa = PBXFileReference; lastKnownFileType = sourcecode.swift; path = PulseAnimation.swift; sourceTree = "<group>"; };
		CD73CE542C6D0E3E00C07729 /* AudioRecordingEntity.swift */ = {isa = PBXFileReference; lastKnownFileType = sourcecode.swift; path = AudioRecordingEntity.swift; sourceTree = "<group>"; };
		CD73CE562C6D0F3700C07729 /* ClassificationResultEntity.swift */ = {isa = PBXFileReference; lastKnownFileType = sourcecode.swift; path = ClassificationResultEntity.swift; sourceTree = "<group>"; };
		CD73CE5A2C6D0FE000C07729 /* AudioRepository.swift */ = {isa = PBXFileReference; lastKnownFileType = sourcecode.swift; path = AudioRepository.swift; sourceTree = "<group>"; };
		CD73CE5C2C6D104500C07729 /* StartRecordUseCase.swift */ = {isa = PBXFileReference; lastKnownFileType = sourcecode.swift; path = StartRecordUseCase.swift; sourceTree = "<group>"; };
		CD73CE5E2C6D104F00C07729 /* StopRecordUseCase.swift */ = {isa = PBXFileReference; lastKnownFileType = sourcecode.swift; path = StopRecordUseCase.swift; sourceTree = "<group>"; };
		CD73CE602C6D109800C07729 /* CancelRecordUseCase.swift */ = {isa = PBXFileReference; lastKnownFileType = sourcecode.swift; path = CancelRecordUseCase.swift; sourceTree = "<group>"; };
		CD73CE622C6D10BD00C07729 /* ClassifyAudioUseCase.swift */ = {isa = PBXFileReference; lastKnownFileType = sourcecode.swift; path = ClassifyAudioUseCase.swift; sourceTree = "<group>"; };
		CD73CE662C6D124800C07729 /* RecordPageRepositoryImpl.swift */ = {isa = PBXFileReference; lastKnownFileType = sourcecode.swift; path = RecordPageRepositoryImpl.swift; sourceTree = "<group>"; };
		CD73CE6C2C6D170800C07729 /* AudioService.swift */ = {isa = PBXFileReference; lastKnownFileType = sourcecode.swift; path = AudioService.swift; sourceTree = "<group>"; };
		CD73CE702C6D1AA600C07729 /* RecordPageViewModel.swift */ = {isa = PBXFileReference; lastKnownFileType = sourcecode.swift; path = RecordPageViewModel.swift; sourceTree = "<group>"; };
		CD73CE722C6DBE9900C07729 /* GetRecordedAudioUseCase.swift */ = {isa = PBXFileReference; lastKnownFileType = sourcecode.swift; path = GetRecordedAudioUseCase.swift; sourceTree = "<group>"; };
		CD73CE742C6DC17600C07729 /* ClassificationRepository.swift */ = {isa = PBXFileReference; lastKnownFileType = sourcecode.swift; path = ClassificationRepository.swift; sourceTree = "<group>"; };
		CD73CE762C6DC3D200C07729 /* audioRecorderDataSource.swift */ = {isa = PBXFileReference; lastKnownFileType = sourcecode.swift; path = audioRecorderDataSource.swift; sourceTree = "<group>"; };
		CD73CE782C6DC55100C07729 /* AudioPlayerDataSource.swift */ = {isa = PBXFileReference; lastKnownFileType = sourcecode.swift; path = AudioPlayerDataSource.swift; sourceTree = "<group>"; };
		CD73CE7A2C6DC67C00C07729 /* classificationDataSource.swift */ = {isa = PBXFileReference; lastKnownFileType = sourcecode.swift; path = classificationDataSource.swift; sourceTree = "<group>"; };
		CD73CE7C2C6DC96300C07729 /* ResultObserver.swift */ = {isa = PBXFileReference; lastKnownFileType = sourcecode.swift; path = ResultObserver.swift; sourceTree = "<group>"; };
		CD73CE7F2C6DE86400C07729 /* RecordPageCoordinator.swift */ = {isa = PBXFileReference; lastKnownFileType = sourcecode.swift; path = RecordPageCoordinator.swift; sourceTree = "<group>"; };
		CD73CE812C6DF53C00C07729 /* FileManagerDataSource.swift */ = {isa = PBXFileReference; lastKnownFileType = sourcecode.swift; path = FileManagerDataSource.swift; sourceTree = "<group>"; };
		CD73CE832C6E147400C07729 /* BabyCrySoundClassifierFinal.mlmodel */ = {isa = PBXFileReference; lastKnownFileType = file.mlmodel; path = BabyCrySoundClassifierFinal.mlmodel; sourceTree = "<group>"; };
		9D80A2302C6C19D5002AB74F /* HomeUseCaseProtocol.swift */ = {isa = PBXFileReference; lastKnownFileType = sourcecode.swift; path = HomeUseCaseProtocol.swift; sourceTree = "<group>"; };
		9D80A2322C6C1B05002AB74F /* HomeDefaultRepositoryProtocol.swift */ = {isa = PBXFileReference; lastKnownFileType = sourcecode.swift; path = HomeDefaultRepositoryProtocol.swift; sourceTree = "<group>"; };
		9D80A2342C6C1B50002AB74F /* HomeLocalDataSourceProtocol.swift */ = {isa = PBXFileReference; lastKnownFileType = sourcecode.swift; path = HomeLocalDataSourceProtocol.swift; sourceTree = "<group>"; };
		9D80A2742C6C296A002AB74F /* PukPuk-Tests.xctest */ = {isa = PBXFileReference; explicitFileType = wrapper.cfbundle; includeInIndex = 0; path = "PukPuk-Tests.xctest"; sourceTree = BUILT_PRODUCTS_DIR; };
		9D80A2762C6C296A002AB74F /* PukPuk_Tests.swift */ = {isa = PBXFileReference; lastKnownFileType = sourcecode.swift; path = PukPuk_Tests.swift; sourceTree = "<group>"; };
		9D80A27E2C6C5D3E002AB74F /* RoutingCoordinator.swift */ = {isa = PBXFileReference; lastKnownFileType = sourcecode.swift; path = RoutingCoordinator.swift; sourceTree = "<group>"; };
		9D80A2802C6C5DA8002AB74F /* TestSheet.swift */ = {isa = PBXFileReference; fileEncoding = 4; lastKnownFileType = sourcecode.swift; path = TestSheet.swift; sourceTree = "<group>"; };
		9D80A2812C6C5DA8002AB74F /* TestFullScreenCover.swift */ = {isa = PBXFileReference; fileEncoding = 4; lastKnownFileType = sourcecode.swift; path = TestFullScreenCover.swift; sourceTree = "<group>"; };
/* End PBXFileReference section */

/* Begin PBXFrameworksBuildPhase section */
		9D80A1812C6B4774002AB74F /* Frameworks */ = {
			isa = PBXFrameworksBuildPhase;
			buildActionMask = 2147483647;
			files = (
			);
			runOnlyForDeploymentPostprocessing = 0;
		};
/* End PBXFrameworksBuildPhase section */

/* Begin PBXGroup section */
		9D80A17B2C6B4774002AB74F = {
			isa = PBXGroup;
			children = (
				9D80A1862C6B4774002AB74F /* PukPuk */,
				9D80A1852C6B4774002AB74F /* Products */,
			);
			sourceTree = "<group>";
		};
		9D80A1852C6B4774002AB74F /* Products */ = {
			isa = PBXGroup;
			children = (
				9D80A1842C6B4774002AB74F /* PukPuk.app */,
			);
			name = Products;
			sourceTree = "<group>";
		};
		9D80A1862C6B4774002AB74F /* PukPuk */ = {
			isa = PBXGroup;
			children = (
				9D80A1872C6B4774002AB74F /* PukPukApp.swift */,
				9D80A1892C6B4774002AB74F /* ContentView.swift */,
				9D80A1E72C6B49FC002AB74F /* DependencyInjection.swift */,
				9D80A1FB2C6B4AA7002AB74F /* Modules */,
				9D80A18B2C6B4776002AB74F /* Assets.xcassets */,
				9D80A18D2C6B4776002AB74F /* Preview Content */,
			);
			path = PukPuk;
			sourceTree = "<group>";
		};
		9D80A18D2C6B4776002AB74F /* Preview Content */ = {
			isa = PBXGroup;
			children = (
				9D80A18E2C6B4776002AB74F /* Preview Assets.xcassets */,
			);
			path = "Preview Content";
			sourceTree = "<group>";
		};
		9D80A1E92C6B4AA7002AB74F /* Data Source */ = {
			isa = PBXGroup;
			children = (
				9D80A2242C6C12EA002AB74F /* DataSource.swift */,
			);
			path = "Data Source";
			sourceTree = "<group>";
		};
		9D80A1EA2C6B4AA7002AB74F /* Repository */ = {
			isa = PBXGroup;
			children = (
				9D80A2262C6C12F5002AB74F /* Repository.swift */,
			);
			path = Repository;
			sourceTree = "<group>";
		};
		9D80A1EB2C6B4AA7002AB74F /* Data */ = {
			isa = PBXGroup;
			children = (
				9D80A1E92C6B4AA7002AB74F /* Data Source */,
				9D80A1EA2C6B4AA7002AB74F /* Repository */,
			);
			path = Data;
			sourceTree = "<group>";
		};
		9D80A1EC2C6B4AA7002AB74F /* Entities */ = {
			isa = PBXGroup;
			children = (
				9D80A2282C6C1303002AB74F /* Entities.swift */,
			);
			path = Entities;
			sourceTree = "<group>";
		};
		9D80A1F12C6B4AA7002AB74F /* Use Cases */ = {
			isa = PBXGroup;
			children = (
				9D80A22A2C6C130A002AB74F /* UseCase.swift */,
			);
			path = "Use Cases";
			sourceTree = "<group>";
		};
		9D80A1F22C6B4AA7002AB74F /* Domain */ = {
			isa = PBXGroup;
			children = (
				9D80A1EC2C6B4AA7002AB74F /* Entities */,
				9D80A1F12C6B4AA7002AB74F /* Use Cases */,
			);
			path = Domain;
			sourceTree = "<group>";
		};
		9D80A1F52C6B4AA7002AB74F /* View */ = {
			isa = PBXGroup;
			children = (
				9D80A22C2C6C1316002AB74F /* ExampleView.swift */,
			);
			path = View;
			sourceTree = "<group>";
		};
		9D80A1F82C6B4AA7002AB74F /* ViewModel */ = {
			isa = PBXGroup;
			children = (
				9D80A22E2C6C1321002AB74F /* ViewModel.swift */,
			);
			path = ViewModel;
			sourceTree = "<group>";
		};
		9D80A1F92C6B4AA7002AB74F /* Scene */ = {
			isa = PBXGroup;
			children = (
				9D80A1F52C6B4AA7002AB74F /* View */,
				9D80A1F82C6B4AA7002AB74F /* ViewModel */,
			);
			path = Scene;
			sourceTree = "<group>";
		};
		9D80A1FA2C6B4AA7002AB74F /* [TEMPLATE] */ = {
			isa = PBXGroup;
			children = (
				9D80A1EB2C6B4AA7002AB74F /* Data */,
				9D80A1F22C6B4AA7002AB74F /* Domain */,
				9D80A1F92C6B4AA7002AB74F /* Scene */,
			);
			path = "[TEMPLATE]";
			sourceTree = "<group>";
		};
		9D80A1FB2C6B4AA7002AB74F /* Modules */ = {
			isa = PBXGroup;
			children = (
				9D80A2172C6B4B85002AB74F /* HomePage */,
				9D80A1FA2C6B4AA7002AB74F /* [TEMPLATE] */,
			);
			path = Modules;
			sourceTree = "<group>";
		};
		9D80A20E2C6B4B85002AB74F /* Data Source */ = {
			isa = PBXGroup;
			children = (
				9D80A2182C6C11DC002AB74F /* HomeDataSource.swift */,
			);
			path = "Data Source";
			sourceTree = "<group>";
		};
		9D80A20F2C6B4B85002AB74F /* Repository */ = {
			isa = PBXGroup;
			children = (
				9D80A21A2C6C11EA002AB74F /* HomeDefaultRepository.swift */,
			);
			path = Repository;
			sourceTree = "<group>";
		};
		9D80A2102C6B4B85002AB74F /* Data */ = {
			isa = PBXGroup;
			children = (
				9D80A20E2C6B4B85002AB74F /* Data Source */,
				9D80A20F2C6B4B85002AB74F /* Repository */,
			);
			path = Data;
			sourceTree = "<group>";
		};
		9D80A2112C6B4B85002AB74F /* Entities */ = {
			isa = PBXGroup;
			children = (
				9D80A21C2C6C11F9002AB74F /* HomeModel.swift */,
			);
			path = Entities;
			sourceTree = "<group>";
		};
		9D80A2122C6B4B85002AB74F /* Use Cases */ = {
			isa = PBXGroup;
			children = (
				9D80A21E2C6C1203002AB74F /* HomeUseCase.swift */,
			);
			path = "Use Cases";
			sourceTree = "<group>";
		};
		9D80A2132C6B4B85002AB74F /* Domain */ = {
			isa = PBXGroup;
			children = (
				9D80A2112C6B4B85002AB74F /* Entities */,
				9D80A2122C6B4B85002AB74F /* Use Cases */,
			);
			path = Domain;
			sourceTree = "<group>";
		};
		9D80A2142C6B4B85002AB74F /* View */ = {
			isa = PBXGroup;
			children = (
				9D80A2202C6C122A002AB74F /* HomeView.swift */,
			);
			path = View;
			sourceTree = "<group>";
		};
		9D80A2152C6B4B85002AB74F /* ViewModel */ = {
			isa = PBXGroup;
			children = (
				9D80A2222C6C1235002AB74F /* HomeViewModel.swift */,
			);
			path = ViewModel;
			sourceTree = "<group>";
		};
		9D80A2162C6B4B85002AB74F /* Scene */ = {
			isa = PBXGroup;
			children = (
				9D80A2142C6B4B85002AB74F /* View */,
				9D80A2152C6B4B85002AB74F /* ViewModel */,
			);
			path = Scene;
			sourceTree = "<group>";
		};
		9D80A2172C6B4B85002AB74F /* HomePage */ = {
			isa = PBXGroup;
			children = (
				9D80A2102C6B4B85002AB74F /* Data */,
				9D80A2132C6B4B85002AB74F /* Domain */,
				9D80A2162C6B4B85002AB74F /* Scene */,
			);
			path = HomePage;
			sourceTree = "<group>";
		};
		CD73CE402C6C5B6F00C07729 /* RecordPage */ = {
			isa = PBXGroup;
			children = (
				CD73CE7E2C6DE85400C07729 /* Coordinator */,
				CD73CE412C6C5CEA00C07729 /* Data */,
				CD73CE432C6C5CF800C07729 /* Domain */,
				CD73CE422C6C5CF000C07729 /* Scene */,
			);
			path = RecordPage;
			sourceTree = "<group>";
		};
		CD73CE412C6C5CEA00C07729 /* Data */ = {
			isa = PBXGroup;
			children = (
				CD73CE652C6D11E300C07729 /* Repositories */,
				CD73CE642C6D11DC00C07729 /* DataSources */,
				CD73CE6C2C6D170800C07729 /* AudioService.swift */,
				CD73CE7C2C6DC96300C07729 /* ResultObserver.swift */,
			);
			path = Data;
			sourceTree = "<group>";
		};
		CD73CE422C6C5CF000C07729 /* Scene */ = {
			isa = PBXGroup;
			children = (
				CD73CE6E2C6D1A6600C07729 /* View */,
				CD73CE6F2C6D1A7600C07729 /* ViewModel */,
			);
			path = Scene;
			sourceTree = "<group>";
		};
		CD73CE432C6C5CF800C07729 /* Domain */ = {
			isa = PBXGroup;
			children = (
				CD73CE4F2C6D0CCF00C07729 /* Entities */,
				CD73CE502C6D0D1400C07729 /* UseCases */,
				CD73CE512C6D0D2200C07729 /* Repository */,
			);
			path = Domain;
			sourceTree = "<group>";
		};
		CD73CE4F2C6D0CCF00C07729 /* Entities */ = {
			isa = PBXGroup;
			children = (
				CD73CE542C6D0E3E00C07729 /* AudioRecordingEntity.swift */,
				CD73CE562C6D0F3700C07729 /* ClassificationResultEntity.swift */,
			);
			path = Entities;
			sourceTree = "<group>";
		};
		CD73CE502C6D0D1400C07729 /* UseCases */ = {
			isa = PBXGroup;
			children = (
				CD73CE5C2C6D104500C07729 /* StartRecordUseCase.swift */,
				CD73CE5E2C6D104F00C07729 /* StopRecordUseCase.swift */,
				CD73CE602C6D109800C07729 /* CancelRecordUseCase.swift */,
				CD73CE622C6D10BD00C07729 /* ClassifyAudioUseCase.swift */,
				CD73CE722C6DBE9900C07729 /* GetRecordedAudioUseCase.swift */,
			);
			path = UseCases;
			sourceTree = "<group>";
		};
		CD73CE512C6D0D2200C07729 /* Repository */ = {
			isa = PBXGroup;
			children = (
				CD73CE5A2C6D0FE000C07729 /* AudioRepository.swift */,
				CD73CE742C6DC17600C07729 /* ClassificationRepository.swift */,
			);
			path = Repository;
			sourceTree = "<group>";
		};
		CD73CE642C6D11DC00C07729 /* DataSources */ = {
			isa = PBXGroup;
			children = (
				CD73CE762C6DC3D200C07729 /* audioRecorderDataSource.swift */,
				CD73CE782C6DC55100C07729 /* AudioPlayerDataSource.swift */,
				CD73CE7A2C6DC67C00C07729 /* classificationDataSource.swift */,
				CD73CE812C6DF53C00C07729 /* FileManagerDataSource.swift */,
			);
			path = DataSources;
			sourceTree = "<group>";
		};
		CD73CE652C6D11E300C07729 /* Repositories */ = {
			isa = PBXGroup;
			children = (
				CD73CE662C6D124800C07729 /* RecordPageRepositoryImpl.swift */,
			);
			path = Repositories;
			sourceTree = "<group>";
		};
		CD73CE6E2C6D1A6600C07729 /* View */ = {
			isa = PBXGroup;
			children = (
				CD73CE442C6C5D4700C07729 /* RecordPageViewController.swift */,
				CD73CE4D2C6CFEB000C07729 /* PulseAnimation.swift */,
				CD73CE452C6C5D4700C07729 /* RecordPageViewController.xib */,
			);
			path = View;
			sourceTree = "<group>";
		};
		CD73CE6F2C6D1A7600C07729 /* ViewModel */ = {
			isa = PBXGroup;
			children = (
				CD73CE702C6D1AA600C07729 /* RecordPageViewModel.swift */,
			);
			path = ViewModel;
			sourceTree = "<group>";
		};
		CD73CE7E2C6DE85400C07729 /* Coordinator */ = {
			isa = PBXGroup;
			children = (
				CD73CE7F2C6DE86400C07729 /* RecordPageCoordinator.swift */,
			);
			path = Coordinator;
			sourceTree = "<group>";
		};
		CD853E3F2C6E590700894320 /* Resources */ = {
			isa = PBXGroup;
			children = (
				CD853E402C6E591C00894320 /* Model */,
			);
			path = Resources;
			sourceTree = "<group>";
		};
		CD853E402C6E591C00894320 /* Model */ = {
			isa = PBXGroup;
			children = (
				CD73CE832C6E147400C07729 /* BabyCrySoundClassifierFinal.mlmodel */,
			);
			path = Model;
		9D80A2752C6C296A002AB74F /* PukPuk-Tests */ = {
			isa = PBXGroup;
			children = (
				9D80A2762C6C296A002AB74F /* PukPuk_Tests.swift */,
			);
			path = "PukPuk-Tests";
			sourceTree = "<group>";
		};
		9D80A27D2C6C5D31002AB74F /* RoutingCoordinator */ = {
			isa = PBXGroup;
			children = (
				9D80A27E2C6C5D3E002AB74F /* RoutingCoordinator.swift */,
				9D80A2812C6C5DA8002AB74F /* TestFullScreenCover.swift */,
				9D80A2802C6C5DA8002AB74F /* TestSheet.swift */,
			);
			path = RoutingCoordinator;
			sourceTree = "<group>";
		};
/* End PBXGroup section */

/* Begin PBXNativeTarget section */
		9D80A1832C6B4774002AB74F /* PukPuk */ = {
			isa = PBXNativeTarget;
			buildConfigurationList = 9D80A1922C6B4776002AB74F /* Build configuration list for PBXNativeTarget "PukPuk" */;
			buildPhases = (
				9D80A1802C6B4774002AB74F /* Sources */,
				9D80A1812C6B4774002AB74F /* Frameworks */,
				9D80A1822C6B4774002AB74F /* Resources */,
			);
			buildRules = (
			);
			dependencies = (
			);
			name = PukPuk;
			productName = PukPuk;
			productReference = 9D80A1842C6B4774002AB74F /* PukPuk.app */;
			productType = "com.apple.product-type.application";
		};
/* End PBXNativeTarget section */

/* Begin PBXProject section */
		9D80A17C2C6B4774002AB74F /* Project object */ = {
			isa = PBXProject;
			attributes = {
				BuildIndependentTargetsInParallel = 1;
				LastSwiftUpdateCheck = 1530;
				LastUpgradeCheck = 1530;
				TargetAttributes = {
					9D80A1832C6B4774002AB74F = {
						CreatedOnToolsVersion = 15.3;
					};
				};
			};
			buildConfigurationList = 9D80A17F2C6B4774002AB74F /* Build configuration list for PBXProject "PukPuk" */;
			compatibilityVersion = "Xcode 14.0";
			developmentRegion = en;
			hasScannedForEncodings = 0;
			knownRegions = (
				en,
				Base,
			);
			mainGroup = 9D80A17B2C6B4774002AB74F;
			productRefGroup = 9D80A1852C6B4774002AB74F /* Products */;
			projectDirPath = "";
			projectRoot = "";
			targets = (
				9D80A1832C6B4774002AB74F /* PukPuk */,
			);
		};
/* End PBXProject section */

/* Begin PBXResourcesBuildPhase section */
		9D80A1822C6B4774002AB74F /* Resources */ = {
			isa = PBXResourcesBuildPhase;
			buildActionMask = 2147483647;
			files = (
				9D80A18F2C6B4776002AB74F /* Preview Assets.xcassets in Resources */,
				9D80A18C2C6B4776002AB74F /* Assets.xcassets in Resources */,
			);
			runOnlyForDeploymentPostprocessing = 0;
		};
/* End PBXResourcesBuildPhase section */

/* Begin PBXSourcesBuildPhase section */
		9D80A1802C6B4774002AB74F /* Sources */ = {
			isa = PBXSourcesBuildPhase;
			buildActionMask = 2147483647;
			files = (
				9D80A18A2C6B4774002AB74F /* ContentView.swift in Sources */,
				9D80A2232C6C1235002AB74F /* HomeViewModel.swift in Sources */,
				9D80A21B2C6C11EA002AB74F /* HomeDefaultRepository.swift in Sources */,
				9D80A21F2C6C1203002AB74F /* HomeUseCase.swift in Sources */,
				9D80A21D2C6C11F9002AB74F /* HomeModel.swift in Sources */,
				CD73CE732C6DBE9900C07729 /* GetRecordedAudioUseCase.swift in Sources */,
				9D80A2332C6C1B05002AB74F /* HomeDefaultRepositoryProtocol.swift in Sources */,
				9D80A2272C6C12F5002AB74F /* Repository.swift in Sources */,
				9D80A22B2C6C130A002AB74F /* UseCase.swift in Sources */,
				9D80A2292C6C1303002AB74F /* Entities.swift in Sources */,
				CD73CE632C6D10BD00C07729 /* ClassifyAudioUseCase.swift in Sources */,
				CD73CE7B2C6DC67C00C07729 /* classificationDataSource.swift in Sources */,
				CD73CE752C6DC17600C07729 /* ClassificationRepository.swift in Sources */,
				9D80A1882C6B4774002AB74F /* PukPukApp.swift in Sources */,
				CD73CE552C6D0E3E00C07729 /* AudioRecordingEntity.swift in Sources */,
				CD73CE572C6D0F3700C07729 /* ClassificationResultEntity.swift in Sources */,
				CD73CE672C6D124800C07729 /* RecordPageRepositoryImpl.swift in Sources */,
				9D80A2312C6C19D5002AB74F /* HomeUseCaseProtocol.swift in Sources */,
				9D80A2832C6C5DA8002AB74F /* TestFullScreenCover.swift in Sources */,
				9D80A2212C6C122A002AB74F /* HomeView.swift in Sources */,
				9D80A22F2C6C1321002AB74F /* ViewModel.swift in Sources */,
				9D80A1E82C6B49FC002AB74F /* DependencyInjection.swift in Sources */,
				9D80A2252C6C12EA002AB74F /* DataSource.swift in Sources */,
				9D80A22D2C6C1316002AB74F /* ExampleView.swift in Sources */,
				9D80A2192C6C11DC002AB74F /* HomeDataSource.swift in Sources */,
				CD73CE4E2C6CFEB000C07729 /* PulseAnimation.swift in Sources */,
				CD73CE842C6E147400C07729 /* BabyCrySoundClassifierFinal.mlmodel in Sources */,
				9D80A27F2C6C5D3E002AB74F /* RoutingCoordinator.swift in Sources */,
			);
			runOnlyForDeploymentPostprocessing = 0;
		};
		9D80A2702C6C296A002AB74F /* Sources */ = {
			isa = PBXSourcesBuildPhase;
			buildActionMask = 2147483647;
			files = (
				9D80A2772C6C296A002AB74F /* PukPuk_Tests.swift in Sources */,
			);
			runOnlyForDeploymentPostprocessing = 0;
		};
/* End PBXSourcesBuildPhase section */

/* Begin XCBuildConfiguration section */
		9D80A1902C6B4776002AB74F /* Debug */ = {
			isa = XCBuildConfiguration;
			buildSettings = {
				ALWAYS_SEARCH_USER_PATHS = NO;
				ASSETCATALOG_COMPILER_GENERATE_SWIFT_ASSET_SYMBOL_EXTENSIONS = YES;
				CLANG_ANALYZER_NONNULL = YES;
				CLANG_ANALYZER_NUMBER_OBJECT_CONVERSION = YES_AGGRESSIVE;
				CLANG_CXX_LANGUAGE_STANDARD = "gnu++20";
				CLANG_ENABLE_MODULES = YES;
				CLANG_ENABLE_OBJC_ARC = YES;
				CLANG_ENABLE_OBJC_WEAK = YES;
				CLANG_WARN_BLOCK_CAPTURE_AUTORELEASING = YES;
				CLANG_WARN_BOOL_CONVERSION = YES;
				CLANG_WARN_COMMA = YES;
				CLANG_WARN_CONSTANT_CONVERSION = YES;
				CLANG_WARN_DEPRECATED_OBJC_IMPLEMENTATIONS = YES;
				CLANG_WARN_DIRECT_OBJC_ISA_USAGE = YES_ERROR;
				CLANG_WARN_DOCUMENTATION_COMMENTS = YES;
				CLANG_WARN_EMPTY_BODY = YES;
				CLANG_WARN_ENUM_CONVERSION = YES;
				CLANG_WARN_INFINITE_RECURSION = YES;
				CLANG_WARN_INT_CONVERSION = YES;
				CLANG_WARN_NON_LITERAL_NULL_CONVERSION = YES;
				CLANG_WARN_OBJC_IMPLICIT_RETAIN_SELF = YES;
				CLANG_WARN_OBJC_LITERAL_CONVERSION = YES;
				CLANG_WARN_OBJC_ROOT_CLASS = YES_ERROR;
				CLANG_WARN_QUOTED_INCLUDE_IN_FRAMEWORK_HEADER = YES;
				CLANG_WARN_RANGE_LOOP_ANALYSIS = YES;
				CLANG_WARN_STRICT_PROTOTYPES = YES;
				CLANG_WARN_SUSPICIOUS_MOVE = YES;
				CLANG_WARN_UNGUARDED_AVAILABILITY = YES_AGGRESSIVE;
				CLANG_WARN_UNREACHABLE_CODE = YES;
				CLANG_WARN__DUPLICATE_METHOD_MATCH = YES;
				COPY_PHASE_STRIP = NO;
				DEBUG_INFORMATION_FORMAT = dwarf;
				ENABLE_STRICT_OBJC_MSGSEND = YES;
				ENABLE_TESTABILITY = YES;
				ENABLE_USER_SCRIPT_SANDBOXING = YES;
				GCC_C_LANGUAGE_STANDARD = gnu17;
				GCC_DYNAMIC_NO_PIC = NO;
				GCC_NO_COMMON_BLOCKS = YES;
				GCC_OPTIMIZATION_LEVEL = 0;
				GCC_PREPROCESSOR_DEFINITIONS = (
					"DEBUG=1",
					"$(inherited)",
				);
				GCC_WARN_64_TO_32_BIT_CONVERSION = YES;
				GCC_WARN_ABOUT_RETURN_TYPE = YES_ERROR;
				GCC_WARN_UNDECLARED_SELECTOR = YES;
				GCC_WARN_UNINITIALIZED_AUTOS = YES_AGGRESSIVE;
				GCC_WARN_UNUSED_FUNCTION = YES;
				GCC_WARN_UNUSED_VARIABLE = YES;
				IPHONEOS_DEPLOYMENT_TARGET = 17.4;
				LOCALIZATION_PREFERS_STRING_CATALOGS = YES;
				MTL_ENABLE_DEBUG_INFO = INCLUDE_SOURCE;
				MTL_FAST_MATH = YES;
				ONLY_ACTIVE_ARCH = YES;
				SDKROOT = iphoneos;
				SWIFT_ACTIVE_COMPILATION_CONDITIONS = "DEBUG $(inherited)";
				SWIFT_OPTIMIZATION_LEVEL = "-Onone";
			};
			name = Debug;
		};
		9D80A1912C6B4776002AB74F /* Release */ = {
			isa = XCBuildConfiguration;
			buildSettings = {
				ALWAYS_SEARCH_USER_PATHS = NO;
				ASSETCATALOG_COMPILER_GENERATE_SWIFT_ASSET_SYMBOL_EXTENSIONS = YES;
				CLANG_ANALYZER_NONNULL = YES;
				CLANG_ANALYZER_NUMBER_OBJECT_CONVERSION = YES_AGGRESSIVE;
				CLANG_CXX_LANGUAGE_STANDARD = "gnu++20";
				CLANG_ENABLE_MODULES = YES;
				CLANG_ENABLE_OBJC_ARC = YES;
				CLANG_ENABLE_OBJC_WEAK = YES;
				CLANG_WARN_BLOCK_CAPTURE_AUTORELEASING = YES;
				CLANG_WARN_BOOL_CONVERSION = YES;
				CLANG_WARN_COMMA = YES;
				CLANG_WARN_CONSTANT_CONVERSION = YES;
				CLANG_WARN_DEPRECATED_OBJC_IMPLEMENTATIONS = YES;
				CLANG_WARN_DIRECT_OBJC_ISA_USAGE = YES_ERROR;
				CLANG_WARN_DOCUMENTATION_COMMENTS = YES;
				CLANG_WARN_EMPTY_BODY = YES;
				CLANG_WARN_ENUM_CONVERSION = YES;
				CLANG_WARN_INFINITE_RECURSION = YES;
				CLANG_WARN_INT_CONVERSION = YES;
				CLANG_WARN_NON_LITERAL_NULL_CONVERSION = YES;
				CLANG_WARN_OBJC_IMPLICIT_RETAIN_SELF = YES;
				CLANG_WARN_OBJC_LITERAL_CONVERSION = YES;
				CLANG_WARN_OBJC_ROOT_CLASS = YES_ERROR;
				CLANG_WARN_QUOTED_INCLUDE_IN_FRAMEWORK_HEADER = YES;
				CLANG_WARN_RANGE_LOOP_ANALYSIS = YES;
				CLANG_WARN_STRICT_PROTOTYPES = YES;
				CLANG_WARN_SUSPICIOUS_MOVE = YES;
				CLANG_WARN_UNGUARDED_AVAILABILITY = YES_AGGRESSIVE;
				CLANG_WARN_UNREACHABLE_CODE = YES;
				CLANG_WARN__DUPLICATE_METHOD_MATCH = YES;
				COPY_PHASE_STRIP = NO;
				DEBUG_INFORMATION_FORMAT = "dwarf-with-dsym";
				ENABLE_NS_ASSERTIONS = NO;
				ENABLE_STRICT_OBJC_MSGSEND = YES;
				ENABLE_USER_SCRIPT_SANDBOXING = YES;
				GCC_C_LANGUAGE_STANDARD = gnu17;
				GCC_NO_COMMON_BLOCKS = YES;
				GCC_WARN_64_TO_32_BIT_CONVERSION = YES;
				GCC_WARN_ABOUT_RETURN_TYPE = YES_ERROR;
				GCC_WARN_UNDECLARED_SELECTOR = YES;
				GCC_WARN_UNINITIALIZED_AUTOS = YES_AGGRESSIVE;
				GCC_WARN_UNUSED_FUNCTION = YES;
				GCC_WARN_UNUSED_VARIABLE = YES;
				IPHONEOS_DEPLOYMENT_TARGET = 17.4;
				LOCALIZATION_PREFERS_STRING_CATALOGS = YES;
				MTL_ENABLE_DEBUG_INFO = NO;
				MTL_FAST_MATH = YES;
				SDKROOT = iphoneos;
				SWIFT_COMPILATION_MODE = wholemodule;
				VALIDATE_PRODUCT = YES;
			};
			name = Release;
		};
		9D80A1932C6B4776002AB74F /* Debug */ = {
			isa = XCBuildConfiguration;
			buildSettings = {
				ASSETCATALOG_COMPILER_APPICON_NAME = AppIcon;
				ASSETCATALOG_COMPILER_GLOBAL_ACCENT_COLOR_NAME = AccentColor;
				CODE_SIGN_STYLE = Automatic;
				CURRENT_PROJECT_VERSION = 1;
				DEVELOPMENT_ASSET_PATHS = "\"PukPuk/Preview Content\"";
				DEVELOPMENT_TEAM = HQSPL9G29Z;
				ENABLE_PREVIEWS = YES;
				GENERATE_INFOPLIST_FILE = YES;
				INFOPLIST_KEY_UIApplicationSceneManifest_Generation = YES;
				INFOPLIST_KEY_UIApplicationSupportsIndirectInputEvents = YES;
				INFOPLIST_KEY_UILaunchScreen_Generation = YES;
				INFOPLIST_KEY_UISupportedInterfaceOrientations_iPad = "UIInterfaceOrientationPortrait UIInterfaceOrientationPortraitUpsideDown UIInterfaceOrientationLandscapeLeft UIInterfaceOrientationLandscapeRight";
				INFOPLIST_KEY_UISupportedInterfaceOrientations_iPhone = "UIInterfaceOrientationPortrait UIInterfaceOrientationLandscapeLeft UIInterfaceOrientationLandscapeRight";
				LD_RUNPATH_SEARCH_PATHS = (
					"$(inherited)",
					"@executable_path/Frameworks",
				);
				MARKETING_VERSION = 1.0;
				PRODUCT_BUNDLE_IDENTIFIER = com.PukPuk;
				PRODUCT_NAME = "$(TARGET_NAME)";
				SWIFT_EMIT_LOC_STRINGS = YES;
				SWIFT_VERSION = 5.0;
				TARGETED_DEVICE_FAMILY = "1,2";
			};
			name = Debug;
		};
		9D80A1942C6B4776002AB74F /* Release */ = {
			isa = XCBuildConfiguration;
			buildSettings = {
				ASSETCATALOG_COMPILER_APPICON_NAME = AppIcon;
				ASSETCATALOG_COMPILER_GLOBAL_ACCENT_COLOR_NAME = AccentColor;
				CODE_SIGN_STYLE = Automatic;
				CURRENT_PROJECT_VERSION = 1;
				DEVELOPMENT_ASSET_PATHS = "\"PukPuk/Preview Content\"";
				DEVELOPMENT_TEAM = HQSPL9G29Z;
				ENABLE_PREVIEWS = YES;
				GENERATE_INFOPLIST_FILE = YES;
				INFOPLIST_KEY_UIApplicationSceneManifest_Generation = YES;
				INFOPLIST_KEY_UIApplicationSupportsIndirectInputEvents = YES;
				INFOPLIST_KEY_UILaunchScreen_Generation = YES;
				INFOPLIST_KEY_UISupportedInterfaceOrientations_iPad = "UIInterfaceOrientationPortrait UIInterfaceOrientationPortraitUpsideDown UIInterfaceOrientationLandscapeLeft UIInterfaceOrientationLandscapeRight";
				INFOPLIST_KEY_UISupportedInterfaceOrientations_iPhone = "UIInterfaceOrientationPortrait UIInterfaceOrientationLandscapeLeft UIInterfaceOrientationLandscapeRight";
				LD_RUNPATH_SEARCH_PATHS = (
					"$(inherited)",
					"@executable_path/Frameworks",
				);
				MARKETING_VERSION = 1.0;
				PRODUCT_BUNDLE_IDENTIFIER = com.PukPuk;
				PRODUCT_NAME = "$(TARGET_NAME)";
				SWIFT_EMIT_LOC_STRINGS = YES;
				SWIFT_VERSION = 5.0;
				TARGETED_DEVICE_FAMILY = "1,2";
			};
			name = Release;
		};
/* End XCBuildConfiguration section */

/* Begin XCConfigurationList section */
		9D80A17F2C6B4774002AB74F /* Build configuration list for PBXProject "PukPuk" */ = {
			isa = XCConfigurationList;
			buildConfigurations = (
				9D80A1902C6B4776002AB74F /* Debug */,
				9D80A1912C6B4776002AB74F /* Release */,
			);
			defaultConfigurationIsVisible = 0;
			defaultConfigurationName = Release;
		};
		9D80A1922C6B4776002AB74F /* Build configuration list for PBXNativeTarget "PukPuk" */ = {
			isa = XCConfigurationList;
			buildConfigurations = (
				9D80A1932C6B4776002AB74F /* Debug */,
				9D80A1942C6B4776002AB74F /* Release */,
			);
			defaultConfigurationIsVisible = 0;
			defaultConfigurationName = Release;
		};
/* End XCConfigurationList section */
	};
	rootObject = 9D80A17C2C6B4774002AB74F /* Project object */;
}
