// !$*UTF8*$!
{
	archiveVersion = 1;
	classes = {
	};
	objectVersion = 56;
	objects = {

/* Begin PBXBuildFile section */
		0E1E59452C6DADB800FB1770 /* ViewController.swift in Sources */ = {isa = PBXBuildFile; fileRef = 0E1E59442C6DADB800FB1770 /* ViewController.swift */; };
		0E1E59482C6DAECC00FB1770 /* LoadingViewControllerRepresentable.swift in Sources */ = {isa = PBXBuildFile; fileRef = 0E1E59472C6DAECC00FB1770 /* LoadingViewControllerRepresentable.swift */; };
		9D50F8522C72F54C000FC056 /* cry.wav in Resources */ = {isa = PBXBuildFile; fileRef = 9D50F8162C72F54C000FC056 /* cry.wav */; };
		9D50F8532C72F54C000FC056 /* not_cry.wav in Resources */ = {isa = PBXBuildFile; fileRef = 9D50F8172C72F54C000FC056 /* not_cry.wav */; };
		9D50F8562C72F54C000FC056 /* Entities.swift in Sources */ = {isa = PBXBuildFile; fileRef = 9D50F81D2C72F54C000FC056 /* Entities.swift */; };
		9D50F8592C72F54C000FC056 /* ViewModel.swift in Sources */ = {isa = PBXBuildFile; fileRef = 9D50F8242C72F54C000FC056 /* ViewModel.swift */; };
		9D50F85B2C72F54C000FC056 /* CryClassificationErrorEnum.swift in Sources */ = {isa = PBXBuildFile; fileRef = 9D50F8292C72F54C000FC056 /* CryClassificationErrorEnum.swift */; };
		9D50F85D2C72F54C000FC056 /* HomeDataSource.swift in Sources */ = {isa = PBXBuildFile; fileRef = 9D50F82B2C72F54C000FC056 /* HomeDataSource.swift */; };
		9D50F85E2C72F54C000FC056 /* HomeDataSourceProtocol.swift in Sources */ = {isa = PBXBuildFile; fileRef = 9D50F82C2C72F54C000FC056 /* HomeDataSourceProtocol.swift */; };
		9D50F8652C72F54C000FC056 /* LoadingViewControllerRepresentable.swift in Sources */ = {isa = PBXBuildFile; fileRef = 9D50F8392C72F54C000FC056 /* LoadingViewControllerRepresentable.swift */; };
		9D50F8682C72F54C000FC056 /* HomeView.swift in Sources */ = {isa = PBXBuildFile; fileRef = 9D50F83D2C72F54C000FC056 /* HomeView.swift */; };
		9D50F86B2C72F54C000FC056 /* 542c.wav in Resources */ = {isa = PBXBuildFile; fileRef = 9D50F8482C72F54C000FC056 /* 542c.wav */; };
		9D50F86C2C72F54C000FC056 /* Assets.xcassets in Resources */ = {isa = PBXBuildFile; fileRef = 9D50F8492C72F54C000FC056 /* Assets.xcassets */; };
		9D50F86D2C72F54C000FC056 /* ClassDiagram.puml in Resources */ = {isa = PBXBuildFile; fileRef = 9D50F84A2C72F54C000FC056 /* ClassDiagram.puml */; };
		9D50F86E2C72F54C000FC056 /* PukPuk.png in Resources */ = {isa = PBXBuildFile; fileRef = 9D50F84B2C72F54C000FC056 /* PukPuk.png */; };
		9D50F8702C72F54C000FC056 /* RoutingCoordinator.swift in Sources */ = {isa = PBXBuildFile; fileRef = 9D50F8502C72F54C000FC056 /* RoutingCoordinator.swift */; };
		9D50F8722C72F5F6000FC056 /* TestFullScreenCover.swift in Sources */ = {isa = PBXBuildFile; fileRef = 9D50F8712C72F5F6000FC056 /* TestFullScreenCover.swift */; };
		9D50F89A2C72F76E000FC056 /* FileManagerDataSource.swift in Sources */ = {isa = PBXBuildFile; fileRef = 9D50F87A2C72F76E000FC056 /* FileManagerDataSource.swift */; };
		9D50F89B2C72F76E000FC056 /* RecordPageRepositoryImpl.swift in Sources */ = {isa = PBXBuildFile; fileRef = 9D50F87C2C72F76E000FC056 /* RecordPageRepositoryImpl.swift */; };
		9D50F89D2C72F76E000FC056 /* ResultObserver.swift in Sources */ = {isa = PBXBuildFile; fileRef = 9D50F87F2C72F76E000FC056 /* ResultObserver.swift */; };
		9D50F8A72C72F76E000FC056 /* PulseAnimation.swift in Sources */ = {isa = PBXBuildFile; fileRef = 9D50F88E2C72F76E000FC056 /* PulseAnimation.swift */; };
		9D50F8A82C72F76E000FC056 /* RecordPageViewController.swift in Sources */ = {isa = PBXBuildFile; fileRef = 9D50F88F2C72F76E000FC056 /* RecordPageViewController.swift */; };
		9D50F8A92C72F76E000FC056 /* RecordPageViewController.xib in Resources */ = {isa = PBXBuildFile; fileRef = 9D50F8902C72F76E000FC056 /* RecordPageViewController.xib */; };
		9D80A1882C6B4774002AB74F /* PukPukApp.swift in Sources */ = {isa = PBXBuildFile; fileRef = 9D80A1872C6B4774002AB74F /* PukPukApp.swift */; };
		9D80A18A2C6B4774002AB74F /* ContentView.swift in Sources */ = {isa = PBXBuildFile; fileRef = 9D80A1892C6B4774002AB74F /* ContentView.swift */; };
		9D80A18F2C6B4776002AB74F /* Preview Assets.xcassets in Resources */ = {isa = PBXBuildFile; fileRef = 9D80A18E2C6B4776002AB74F /* Preview Assets.xcassets */; };
		9D80A1E82C6B49FC002AB74F /* DependencyInjection.swift in Sources */ = {isa = PBXBuildFile; fileRef = 9D80A1E72C6B49FC002AB74F /* DependencyInjection.swift */; };
		9D80A2312C6C19D5002AB74F /* HomeUseCaseProtocol.swift in Sources */ = {isa = PBXBuildFile; fileRef = 9D80A2302C6C19D5002AB74F /* HomeUseCaseProtocol.swift */; };
		9D80A2352C6C1B50002AB74F /* (null) in Sources */ = {isa = PBXBuildFile; };
		9D80A27F2C6C5D3E002AB74F /* RoutingCoordinator.swift in Sources */ = {isa = PBXBuildFile; fileRef = 9D80A27E2C6C5D3E002AB74F /* RoutingCoordinator.swift */; };
		9D80A2822C6C5DA8002AB74F /* (null) in Sources */ = {isa = PBXBuildFile; };
		9D80A2832C6C5DA8002AB74F /* TestFullScreenCover.swift in Sources */ = {isa = PBXBuildFile; fileRef = 9D80A2812C6C5DA8002AB74F /* TestFullScreenCover.swift */; };
		9D85352E2C6DB6FB007FF46E /* (null) in Sources */ = {isa = PBXBuildFile; };
		9D8535302C6DB963007FF46E /* (null) in Resources */ = {isa = PBXBuildFile; };
		9D8535362C6DFFA7007FF46E /* (null) in Resources */ = {isa = PBXBuildFile; };
		9D8535382C6E030F007FF46E /* (null) in Sources */ = {isa = PBXBuildFile; };
		B59B34D02C6D0C5600BB6BEC /* Result.storyboard in Resources */ = {isa = PBXBuildFile; fileRef = B59B34CF2C6D0C5600BB6BEC /* Result.storyboard */; };
		B59B34D22C6D100F00BB6BEC /* ResultVC.swift in Sources */ = {isa = PBXBuildFile; fileRef = B59B34D12C6D100F00BB6BEC /* ResultVC.swift */; };
		B59B34D42C6DAD6500BB6BEC /* ResultDataSource.swift in Sources */ = {isa = PBXBuildFile; fileRef = B59B34D32C6DAD6500BB6BEC /* ResultDataSource.swift */; };
		B59B34D62C6DAD6E00BB6BEC /* ResultLocalDataSourceProtocol.swift in Sources */ = {isa = PBXBuildFile; fileRef = B59B34D52C6DAD6E00BB6BEC /* ResultLocalDataSourceProtocol.swift */; };
		B59B34D82C6DAEB100BB6BEC /* ResultDefaultRepository.swift in Sources */ = {isa = PBXBuildFile; fileRef = B59B34D72C6DAEB100BB6BEC /* ResultDefaultRepository.swift */; };
		B59B34DA2C6DAEC300BB6BEC /* ResultRepositoryProtocol.swift in Sources */ = {isa = PBXBuildFile; fileRef = B59B34D92C6DAEC300BB6BEC /* ResultRepositoryProtocol.swift */; };
		B59B34DC2C6DB0AD00BB6BEC /* ResultViewModel.swift in Sources */ = {isa = PBXBuildFile; fileRef = B59B34DB2C6DB0AD00BB6BEC /* ResultViewModel.swift */; };
		B59B34DE2C6DB15700BB6BEC /* ResultUseCase.swift in Sources */ = {isa = PBXBuildFile; fileRef = B59B34DD2C6DB15700BB6BEC /* ResultUseCase.swift */; };
		B59B34E02C6DB16600BB6BEC /* ResultUseCaseProtocol.swift in Sources */ = {isa = PBXBuildFile; fileRef = B59B34DF2C6DB16600BB6BEC /* ResultUseCaseProtocol.swift */; };
		B59B34E22C6DBEB100BB6BEC /* ResultViewControllerRepresentable.swift in Sources */ = {isa = PBXBuildFile; fileRef = B59B34E12C6DBEB100BB6BEC /* ResultViewControllerRepresentable.swift */; };
/* End PBXBuildFile section */

/* Begin PBXFileReference section */
		0E1E59442C6DADB800FB1770 /* ViewController.swift */ = {isa = PBXFileReference; lastKnownFileType = sourcecode.swift; path = ViewController.swift; sourceTree = "<group>"; };
		0E1E59472C6DAECC00FB1770 /* LoadingViewControllerRepresentable.swift */ = {isa = PBXFileReference; lastKnownFileType = sourcecode.swift; path = LoadingViewControllerRepresentable.swift; sourceTree = "<group>"; };
		0E1E59492C6DAEF200FB1770 /* SceneDelegate.swift */ = {isa = PBXFileReference; lastKnownFileType = sourcecode.swift; path = SceneDelegate.swift; sourceTree = "<group>"; };
		9D50F8162C72F54C000FC056 /* cry.wav */ = {isa = PBXFileReference; lastKnownFileType = audio.wav; path = cry.wav; sourceTree = "<group>"; };
		9D50F8172C72F54C000FC056 /* not_cry.wav */ = {isa = PBXFileReference; lastKnownFileType = audio.wav; path = not_cry.wav; sourceTree = "<group>"; };
		9D50F8182C72F54C000FC056 /* DataSource.swift */ = {isa = PBXFileReference; fileEncoding = 4; lastKnownFileType = sourcecode.swift; path = DataSource.swift; sourceTree = "<group>"; };
		9D50F81A2C72F54C000FC056 /* Repository.swift */ = {isa = PBXFileReference; fileEncoding = 4; lastKnownFileType = sourcecode.swift; path = Repository.swift; sourceTree = "<group>"; };
		9D50F81D2C72F54C000FC056 /* Entities.swift */ = {isa = PBXFileReference; fileEncoding = 4; lastKnownFileType = sourcecode.swift; path = Entities.swift; sourceTree = "<group>"; };
		9D50F81F2C72F54C000FC056 /* UseCase.swift */ = {isa = PBXFileReference; fileEncoding = 4; lastKnownFileType = sourcecode.swift; path = UseCase.swift; sourceTree = "<group>"; };
		9D50F8222C72F54C000FC056 /* ExampleView.swift */ = {isa = PBXFileReference; fileEncoding = 4; lastKnownFileType = sourcecode.swift; path = ExampleView.swift; sourceTree = "<group>"; };
		9D50F8242C72F54C000FC056 /* ViewModel.swift */ = {isa = PBXFileReference; fileEncoding = 4; lastKnownFileType = sourcecode.swift; path = ViewModel.swift; sourceTree = "<group>"; };
		9D50F8282C72F54C000FC056 /* BabyCrySoundClassifierFinal.mlmodel */ = {isa = PBXFileReference; lastKnownFileType = file.mlmodel; path = BabyCrySoundClassifierFinal.mlmodel; sourceTree = "<group>"; };
		9D50F8292C72F54C000FC056 /* CryClassificationErrorEnum.swift */ = {isa = PBXFileReference; fileEncoding = 4; lastKnownFileType = sourcecode.swift; path = CryClassificationErrorEnum.swift; sourceTree = "<group>"; };
		9D50F82A2C72F54C000FC056 /* CryNotCry.mlmodel */ = {isa = PBXFileReference; lastKnownFileType = file.mlmodel; path = CryNotCry.mlmodel; sourceTree = "<group>"; };
		9D50F82B2C72F54C000FC056 /* HomeDataSource.swift */ = {isa = PBXFileReference; fileEncoding = 4; lastKnownFileType = sourcecode.swift; path = HomeDataSource.swift; sourceTree = "<group>"; };
		9D50F82C2C72F54C000FC056 /* HomeDataSourceProtocol.swift */ = {isa = PBXFileReference; fileEncoding = 4; lastKnownFileType = sourcecode.swift; path = HomeDataSourceProtocol.swift; sourceTree = "<group>"; };
		9D50F82D2C72F54C000FC056 /* HomeLocalDataSource.swift */ = {isa = PBXFileReference; fileEncoding = 4; lastKnownFileType = sourcecode.swift; path = HomeLocalDataSource.swift; sourceTree = "<group>"; };
		9D50F82F2C72F54C000FC056 /* HomeDefaultRepository.swift */ = {isa = PBXFileReference; fileEncoding = 4; lastKnownFileType = sourcecode.swift; path = HomeDefaultRepository.swift; sourceTree = "<group>"; };
		9D50F8302C72F54C000FC056 /* HomeDefaultRepositoryProtocol.swift */ = {isa = PBXFileReference; fileEncoding = 4; lastKnownFileType = sourcecode.swift; path = HomeDefaultRepositoryProtocol.swift; sourceTree = "<group>"; };
		9D50F8332C72F54C000FC056 /* HomeModel.swift */ = {isa = PBXFileReference; fileEncoding = 4; lastKnownFileType = sourcecode.swift; path = HomeModel.swift; sourceTree = "<group>"; };
		9D50F8352C72F54C000FC056 /* HomeUseCase.swift */ = {isa = PBXFileReference; fileEncoding = 4; lastKnownFileType = sourcecode.swift; path = HomeUseCase.swift; sourceTree = "<group>"; };
		9D50F8362C72F54C000FC056 /* HomeUseCaseProtocol.swift */ = {isa = PBXFileReference; fileEncoding = 4; lastKnownFileType = sourcecode.swift; path = HomeUseCaseProtocol.swift; sourceTree = "<group>"; };
		9D50F8392C72F54C000FC056 /* LoadingViewControllerRepresentable.swift */ = {isa = PBXFileReference; fileEncoding = 4; lastKnownFileType = sourcecode.swift; path = LoadingViewControllerRepresentable.swift; sourceTree = "<group>"; };
		9D50F83A2C72F54C000FC056 /* SceneDelegate.swift */ = {isa = PBXFileReference; fileEncoding = 4; lastKnownFileType = sourcecode.swift; path = SceneDelegate.swift; sourceTree = "<group>"; };
		9D50F83B2C72F54C000FC056 /* ViewController.swift */ = {isa = PBXFileReference; fileEncoding = 4; lastKnownFileType = sourcecode.swift; path = ViewController.swift; sourceTree = "<group>"; };
		9D50F83D2C72F54C000FC056 /* HomeView.swift */ = {isa = PBXFileReference; fileEncoding = 4; lastKnownFileType = sourcecode.swift; path = HomeView.swift; sourceTree = "<group>"; };
		9D50F83F2C72F54C000FC056 /* HomeViewModel.swift */ = {isa = PBXFileReference; fileEncoding = 4; lastKnownFileType = sourcecode.swift; path = HomeViewModel.swift; sourceTree = "<group>"; };
		9D50F8482C72F54C000FC056 /* 542c.wav */ = {isa = PBXFileReference; lastKnownFileType = audio.wav; path = 542c.wav; sourceTree = "<group>"; };
		9D50F8492C72F54C000FC056 /* Assets.xcassets */ = {isa = PBXFileReference; lastKnownFileType = folder.assetcatalog; path = Assets.xcassets; sourceTree = "<group>"; };
		9D50F84A2C72F54C000FC056 /* ClassDiagram.puml */ = {isa = PBXFileReference; fileEncoding = 4; lastKnownFileType = text; path = ClassDiagram.puml; sourceTree = "<group>"; };
		9D50F84B2C72F54C000FC056 /* PukPuk.png */ = {isa = PBXFileReference; lastKnownFileType = image.png; path = PukPuk.png; sourceTree = "<group>"; };
		9D50F8502C72F54C000FC056 /* RoutingCoordinator.swift */ = {isa = PBXFileReference; fileEncoding = 4; lastKnownFileType = sourcecode.swift; path = RoutingCoordinator.swift; sourceTree = "<group>"; };
		9D50F8712C72F5F6000FC056 /* TestFullScreenCover.swift */ = {isa = PBXFileReference; lastKnownFileType = sourcecode.swift; path = TestFullScreenCover.swift; sourceTree = "<group>"; };
		9D50F8732C72F626000FC056 /* TestSheet.swift */ = {isa = PBXFileReference; lastKnownFileType = sourcecode.swift; path = TestSheet.swift; sourceTree = "<group>"; };
		9D50F8752C72F76E000FC056 /* RecordPageCoordinator.swift */ = {isa = PBXFileReference; fileEncoding = 4; lastKnownFileType = sourcecode.swift; path = RecordPageCoordinator.swift; sourceTree = "<group>"; };
		9D50F8772C72F76E000FC056 /* AudioPlayerDataSource.swift */ = {isa = PBXFileReference; fileEncoding = 4; lastKnownFileType = sourcecode.swift; path = AudioPlayerDataSource.swift; sourceTree = "<group>"; };
		9D50F8782C72F76E000FC056 /* audioRecorderDataSource.swift */ = {isa = PBXFileReference; fileEncoding = 4; lastKnownFileType = sourcecode.swift; path = audioRecorderDataSource.swift; sourceTree = "<group>"; };
		9D50F8792C72F76E000FC056 /* classificationDataSource.swift */ = {isa = PBXFileReference; fileEncoding = 4; lastKnownFileType = sourcecode.swift; path = classificationDataSource.swift; sourceTree = "<group>"; };
		9D50F87A2C72F76E000FC056 /* FileManagerDataSource.swift */ = {isa = PBXFileReference; fileEncoding = 4; lastKnownFileType = sourcecode.swift; path = FileManagerDataSource.swift; sourceTree = "<group>"; };
		9D50F87C2C72F76E000FC056 /* RecordPageRepositoryImpl.swift */ = {isa = PBXFileReference; fileEncoding = 4; lastKnownFileType = sourcecode.swift; path = RecordPageRepositoryImpl.swift; sourceTree = "<group>"; };
		9D50F87E2C72F76E000FC056 /* AudioService.swift */ = {isa = PBXFileReference; fileEncoding = 4; lastKnownFileType = sourcecode.swift; path = AudioService.swift; sourceTree = "<group>"; };
		9D50F87F2C72F76E000FC056 /* ResultObserver.swift */ = {isa = PBXFileReference; fileEncoding = 4; lastKnownFileType = sourcecode.swift; path = ResultObserver.swift; sourceTree = "<group>"; };
		9D50F8812C72F76E000FC056 /* AudioRecordingEntity.swift */ = {isa = PBXFileReference; fileEncoding = 4; lastKnownFileType = sourcecode.swift; path = AudioRecordingEntity.swift; sourceTree = "<group>"; };
		9D50F8822C72F76E000FC056 /* ClassificationResultEntity.swift */ = {isa = PBXFileReference; fileEncoding = 4; lastKnownFileType = sourcecode.swift; path = ClassificationResultEntity.swift; sourceTree = "<group>"; };
		9D50F8842C72F76E000FC056 /* AudioRepository.swift */ = {isa = PBXFileReference; fileEncoding = 4; lastKnownFileType = sourcecode.swift; path = AudioRepository.swift; sourceTree = "<group>"; };
		9D50F8852C72F76E000FC056 /* ClassificationRepository.swift */ = {isa = PBXFileReference; fileEncoding = 4; lastKnownFileType = sourcecode.swift; path = ClassificationRepository.swift; sourceTree = "<group>"; };
		9D50F8872C72F76E000FC056 /* CancelRecordUseCase.swift */ = {isa = PBXFileReference; fileEncoding = 4; lastKnownFileType = sourcecode.swift; path = CancelRecordUseCase.swift; sourceTree = "<group>"; };
		9D50F8882C72F76E000FC056 /* ClassifyAudioUseCase.swift */ = {isa = PBXFileReference; fileEncoding = 4; lastKnownFileType = sourcecode.swift; path = ClassifyAudioUseCase.swift; sourceTree = "<group>"; };
		9D50F8892C72F76E000FC056 /* GetRecordedAudioUseCase.swift */ = {isa = PBXFileReference; fileEncoding = 4; lastKnownFileType = sourcecode.swift; path = GetRecordedAudioUseCase.swift; sourceTree = "<group>"; };
		9D50F88A2C72F76E000FC056 /* StartRecordUseCase.swift */ = {isa = PBXFileReference; fileEncoding = 4; lastKnownFileType = sourcecode.swift; path = StartRecordUseCase.swift; sourceTree = "<group>"; };
		9D50F88B2C72F76E000FC056 /* StopRecordUseCase.swift */ = {isa = PBXFileReference; fileEncoding = 4; lastKnownFileType = sourcecode.swift; path = StopRecordUseCase.swift; sourceTree = "<group>"; };
		9D50F88E2C72F76E000FC056 /* PulseAnimation.swift */ = {isa = PBXFileReference; fileEncoding = 4; lastKnownFileType = sourcecode.swift; path = PulseAnimation.swift; sourceTree = "<group>"; };
		9D50F88F2C72F76E000FC056 /* RecordPageViewController.swift */ = {isa = PBXFileReference; fileEncoding = 4; lastKnownFileType = sourcecode.swift; path = RecordPageViewController.swift; sourceTree = "<group>"; };
		9D50F8902C72F76E000FC056 /* RecordPageViewController.xib */ = {isa = PBXFileReference; fileEncoding = 4; lastKnownFileType = file.xib; path = RecordPageViewController.xib; sourceTree = "<group>"; };
		9D50F8922C72F76E000FC056 /* RecordPageViewModel.swift */ = {isa = PBXFileReference; fileEncoding = 4; lastKnownFileType = sourcecode.swift; path = RecordPageViewModel.swift; sourceTree = "<group>"; };
		9D80A1842C6B4774002AB74F /* PukPuk.app */ = {isa = PBXFileReference; explicitFileType = wrapper.application; includeInIndex = 0; path = PukPuk.app; sourceTree = BUILT_PRODUCTS_DIR; };
		9D80A1872C6B4774002AB74F /* PukPukApp.swift */ = {isa = PBXFileReference; lastKnownFileType = sourcecode.swift; path = PukPukApp.swift; sourceTree = "<group>"; };
		9D80A1892C6B4774002AB74F /* ContentView.swift */ = {isa = PBXFileReference; lastKnownFileType = sourcecode.swift; path = ContentView.swift; sourceTree = "<group>"; };
		9D80A18E2C6B4776002AB74F /* Preview Assets.xcassets */ = {isa = PBXFileReference; lastKnownFileType = folder.assetcatalog; path = "Preview Assets.xcassets"; sourceTree = "<group>"; };
		9D80A1E72C6B49FC002AB74F /* DependencyInjection.swift */ = {isa = PBXFileReference; fileEncoding = 4; lastKnownFileType = sourcecode.swift; path = DependencyInjection.swift; sourceTree = "<group>"; };
		9D80A2302C6C19D5002AB74F /* HomeUseCaseProtocol.swift */ = {isa = PBXFileReference; lastKnownFileType = sourcecode.swift; name = HomeUseCaseProtocol.swift; path = ../../HomeUseCaseProtocol.swift; sourceTree = "<group>"; };
		9D80A27E2C6C5D3E002AB74F /* RoutingCoordinator.swift */ = {isa = PBXFileReference; lastKnownFileType = sourcecode.swift; name = RoutingCoordinator.swift; path = ../../RoutingCoordinator.swift; sourceTree = "<group>"; };
		9D80A2812C6C5DA8002AB74F /* TestFullScreenCover.swift */ = {isa = PBXFileReference; fileEncoding = 4; lastKnownFileType = sourcecode.swift; name = TestFullScreenCover.swift; path = ../../TestFullScreenCover.swift; sourceTree = "<group>"; };
		B59B34CF2C6D0C5600BB6BEC /* Result.storyboard */ = {isa = PBXFileReference; lastKnownFileType = file.storyboard; path = Result.storyboard; sourceTree = "<group>"; };
		B59B34D12C6D100F00BB6BEC /* ResultVC.swift */ = {isa = PBXFileReference; lastKnownFileType = sourcecode.swift; path = ResultVC.swift; sourceTree = "<group>"; };
		B59B34D32C6DAD6500BB6BEC /* ResultDataSource.swift */ = {isa = PBXFileReference; lastKnownFileType = sourcecode.swift; path = ResultDataSource.swift; sourceTree = "<group>"; };
		B59B34D52C6DAD6E00BB6BEC /* ResultLocalDataSourceProtocol.swift */ = {isa = PBXFileReference; lastKnownFileType = sourcecode.swift; path = ResultLocalDataSourceProtocol.swift; sourceTree = "<group>"; };
		B59B34D72C6DAEB100BB6BEC /* ResultDefaultRepository.swift */ = {isa = PBXFileReference; lastKnownFileType = sourcecode.swift; path = ResultDefaultRepository.swift; sourceTree = "<group>"; };
		B59B34D92C6DAEC300BB6BEC /* ResultRepositoryProtocol.swift */ = {isa = PBXFileReference; lastKnownFileType = sourcecode.swift; path = ResultRepositoryProtocol.swift; sourceTree = "<group>"; };
		B59B34DB2C6DB0AD00BB6BEC /* ResultViewModel.swift */ = {isa = PBXFileReference; lastKnownFileType = sourcecode.swift; path = ResultViewModel.swift; sourceTree = "<group>"; };
		B59B34DD2C6DB15700BB6BEC /* ResultUseCase.swift */ = {isa = PBXFileReference; lastKnownFileType = sourcecode.swift; path = ResultUseCase.swift; sourceTree = "<group>"; };
		B59B34DF2C6DB16600BB6BEC /* ResultUseCaseProtocol.swift */ = {isa = PBXFileReference; lastKnownFileType = sourcecode.swift; path = ResultUseCaseProtocol.swift; sourceTree = "<group>"; };
		B59B34E12C6DBEB100BB6BEC /* ResultViewControllerRepresentable.swift */ = {isa = PBXFileReference; lastKnownFileType = sourcecode.swift; path = ResultViewControllerRepresentable.swift; sourceTree = "<group>"; };
/* End PBXFileReference section */

/* Begin PBXFrameworksBuildPhase section */
		9D80A1812C6B4774002AB74F /* Frameworks */ = {
			isa = PBXFrameworksBuildPhase;
			buildActionMask = 2147483647;
			files = (
			);
			runOnlyForDeploymentPostprocessing = 0;
		};
/* End PBXFrameworksBuildPhase section */

/* Begin PBXGroup section */
		0E1E59462C6DAE5400FB1770 /* Loading Screen */ = {
			isa = PBXGroup;
			children = (
				0E1E59442C6DADB800FB1770 /* ViewController.swift */,
				0E1E59472C6DAECC00FB1770 /* LoadingViewControllerRepresentable.swift */,
				0E1E59492C6DAEF200FB1770 /* SceneDelegate.swift */,
			);
			path = "Loading Screen";
			sourceTree = "<group>";
		};
		9D50F8192C72F54C000FC056 /* Data Source */ = {
			isa = PBXGroup;
			children = (
				9D50F8182C72F54C000FC056 /* DataSource.swift */,
			);
			path = "Data Source";
			sourceTree = "<group>";
		};
		9D50F81B2C72F54C000FC056 /* Repository */ = {
			isa = PBXGroup;
			children = (
				9D50F81A2C72F54C000FC056 /* Repository.swift */,
			);
			path = Repository;
			sourceTree = "<group>";
		};
		9D50F81C2C72F54C000FC056 /* Data */ = {
			isa = PBXGroup;
			children = (
				9D50F8192C72F54C000FC056 /* Data Source */,
				9D50F81B2C72F54C000FC056 /* Repository */,
			);
			path = Data;
			sourceTree = "<group>";
		};
		9D50F81E2C72F54C000FC056 /* Entities */ = {
			isa = PBXGroup;
			children = (
				9D50F81D2C72F54C000FC056 /* Entities.swift */,
			);
			path = Entities;
			sourceTree = "<group>";
		};
		9D50F8202C72F54C000FC056 /* Use Cases */ = {
			isa = PBXGroup;
			children = (
				9D50F81F2C72F54C000FC056 /* UseCase.swift */,
			);
			path = "Use Cases";
			sourceTree = "<group>";
		};
		9D50F8212C72F54C000FC056 /* Domain */ = {
			isa = PBXGroup;
			children = (
				9D50F81E2C72F54C000FC056 /* Entities */,
				9D50F8202C72F54C000FC056 /* Use Cases */,
			);
			path = Domain;
			sourceTree = "<group>";
		};
		9D50F8232C72F54C000FC056 /* View */ = {
			isa = PBXGroup;
			children = (
				9D50F8222C72F54C000FC056 /* ExampleView.swift */,
			);
			path = View;
			sourceTree = "<group>";
		};
		9D50F8252C72F54C000FC056 /* ViewModel */ = {
			isa = PBXGroup;
			children = (
				9D50F8242C72F54C000FC056 /* ViewModel.swift */,
			);
			path = ViewModel;
			sourceTree = "<group>";
		};
		9D50F8262C72F54C000FC056 /* Scene */ = {
			isa = PBXGroup;
			children = (
				9D50F8232C72F54C000FC056 /* View */,
				9D50F8252C72F54C000FC056 /* ViewModel */,
			);
			path = Scene;
			sourceTree = "<group>";
		};
		9D50F8272C72F54C000FC056 /* [TEMPLATE] */ = {
			isa = PBXGroup;
			children = (
				9D50F81C2C72F54C000FC056 /* Data */,
				9D50F8212C72F54C000FC056 /* Domain */,
				9D50F8262C72F54C000FC056 /* Scene */,
			);
			path = "[TEMPLATE]";
			sourceTree = "<group>";
		};
		9D50F82E2C72F54C000FC056 /* Data Source */ = {
			isa = PBXGroup;
			children = (
				9D50F8282C72F54C000FC056 /* BabyCrySoundClassifierFinal.mlmodel */,
				9D50F8292C72F54C000FC056 /* CryClassificationErrorEnum.swift */,
				9D50F82A2C72F54C000FC056 /* CryNotCry.mlmodel */,
				9D50F82B2C72F54C000FC056 /* HomeDataSource.swift */,
				9D50F82C2C72F54C000FC056 /* HomeDataSourceProtocol.swift */,
				9D50F82D2C72F54C000FC056 /* HomeLocalDataSource.swift */,
			);
			path = "Data Source";
			sourceTree = "<group>";
		};
		9D50F8312C72F54C000FC056 /* Repository */ = {
			isa = PBXGroup;
			children = (
				9D50F82F2C72F54C000FC056 /* HomeDefaultRepository.swift */,
				9D50F8302C72F54C000FC056 /* HomeDefaultRepositoryProtocol.swift */,
			);
			path = Repository;
			sourceTree = "<group>";
		};
		9D50F8322C72F54C000FC056 /* Data */ = {
			isa = PBXGroup;
			children = (
				9D50F82E2C72F54C000FC056 /* Data Source */,
				9D50F8312C72F54C000FC056 /* Repository */,
			);
			path = Data;
			sourceTree = "<group>";
		};
		9D50F8342C72F54C000FC056 /* Entities */ = {
			isa = PBXGroup;
			children = (
				9D50F8332C72F54C000FC056 /* HomeModel.swift */,
			);
			path = Entities;
			sourceTree = "<group>";
		};
		9D50F8372C72F54C000FC056 /* Use Cases */ = {
			isa = PBXGroup;
			children = (
				9D50F8352C72F54C000FC056 /* HomeUseCase.swift */,
				9D50F8362C72F54C000FC056 /* HomeUseCaseProtocol.swift */,
			);
			path = "Use Cases";
			sourceTree = "<group>";
		};
		9D50F8382C72F54C000FC056 /* Domain */ = {
			isa = PBXGroup;
			children = (
				9D50F8342C72F54C000FC056 /* Entities */,
				9D50F8372C72F54C000FC056 /* Use Cases */,
			);
			path = Domain;
			sourceTree = "<group>";
		};
		9D50F83C2C72F54C000FC056 /* Loading Screen */ = {
			isa = PBXGroup;
			children = (
				9D50F8392C72F54C000FC056 /* LoadingViewControllerRepresentable.swift */,
				9D50F83A2C72F54C000FC056 /* SceneDelegate.swift */,
				9D50F83B2C72F54C000FC056 /* ViewController.swift */,
			);
			path = "Loading Screen";
			sourceTree = "<group>";
		};
		9D50F83E2C72F54C000FC056 /* View */ = {
			isa = PBXGroup;
			children = (
				9D50F83D2C72F54C000FC056 /* HomeView.swift */,
			);
			path = View;
			sourceTree = "<group>";
		};
		9D50F8402C72F54C000FC056 /* ViewModel */ = {
			isa = PBXGroup;
			children = (
				9D50F83F2C72F54C000FC056 /* HomeViewModel.swift */,
			);
			path = ViewModel;
			sourceTree = "<group>";
		};
		9D50F8412C72F54C000FC056 /* Scene */ = {
			isa = PBXGroup;
			children = (
				9D50F83C2C72F54C000FC056 /* Loading Screen */,
				9D50F83E2C72F54C000FC056 /* View */,
				9D50F8402C72F54C000FC056 /* ViewModel */,
			);
			path = Scene;
			sourceTree = "<group>";
		};
		9D50F8422C72F54C000FC056 /* HomePage */ = {
			isa = PBXGroup;
			children = (
				9D50F8322C72F54C000FC056 /* Data */,
				9D50F8382C72F54C000FC056 /* Domain */,
				9D50F8412C72F54C000FC056 /* Scene */,
			);
			path = HomePage;
			sourceTree = "<group>";
		};
		9D50F8472C72F54C000FC056 /* Modules */ = {
			isa = PBXGroup;
			children = (
				B50324D12C72FA87002D9F06 /* ResultPage */,
				9D50F8952C72F76E000FC056 /* RecordPage */,
				9D50F8272C72F54C000FC056 /* [TEMPLATE] */,
				0E1E59462C6DAE5400FB1770 /* Loading Screen */,
				9D50F8422C72F54C000FC056 /* HomePage */,
			);
			path = Modules;
			sourceTree = "<group>";
		};
		9D50F84C2C72F54C000FC056 /* Class Diagram */ = {
			isa = PBXGroup;
			children = (
				9D50F84A2C72F54C000FC056 /* ClassDiagram.puml */,
				9D50F84B2C72F54C000FC056 /* PukPuk.png */,
			);
			path = "Class Diagram";
			sourceTree = "<group>";
		};
		9D50F84D2C72F54C000FC056 /* Docs */ = {
			isa = PBXGroup;
			children = (
				9D50F84C2C72F54C000FC056 /* Class Diagram */,
			);
			path = Docs;
			sourceTree = "<group>";
		};
		9D50F8512C72F54C000FC056 /* RoutingCoordinator */ = {
			isa = PBXGroup;
			children = (
				9D50F8502C72F54C000FC056 /* RoutingCoordinator.swift */,
				9D80A2302C6C19D5002AB74F /* HomeUseCaseProtocol.swift */,
				9D50F8712C72F5F6000FC056 /* TestFullScreenCover.swift */,
				9D80A2812C6C5DA8002AB74F /* TestFullScreenCover.swift */,
				9D80A27E2C6C5D3E002AB74F /* RoutingCoordinator.swift */,
				9D50F8732C72F626000FC056 /* TestSheet.swift */,
			);
			path = RoutingCoordinator;
			sourceTree = "<group>";
		};
		9D50F8762C72F76E000FC056 /* Coordinator */ = {
			isa = PBXGroup;
			children = (
				9D50F8752C72F76E000FC056 /* RecordPageCoordinator.swift */,
			);
			path = Coordinator;
			sourceTree = "<group>";
		};
		9D50F87B2C72F76E000FC056 /* DataSources */ = {
			isa = PBXGroup;
			children = (
				9D50F8772C72F76E000FC056 /* AudioPlayerDataSource.swift */,
				9D50F8782C72F76E000FC056 /* audioRecorderDataSource.swift */,
				9D50F8792C72F76E000FC056 /* classificationDataSource.swift */,
				9D50F87A2C72F76E000FC056 /* FileManagerDataSource.swift */,
			);
			path = DataSources;
			sourceTree = "<group>";
		};
		9D50F87D2C72F76E000FC056 /* Repositories */ = {
			isa = PBXGroup;
			children = (
				9D50F87C2C72F76E000FC056 /* RecordPageRepositoryImpl.swift */,
			);
			path = Repositories;
			sourceTree = "<group>";
		};
		9D50F8802C72F76E000FC056 /* Data */ = {
			isa = PBXGroup;
			children = (
				9D50F87B2C72F76E000FC056 /* DataSources */,
				9D50F87D2C72F76E000FC056 /* Repositories */,
				9D50F87E2C72F76E000FC056 /* AudioService.swift */,
				9D50F87F2C72F76E000FC056 /* ResultObserver.swift */,
			);
			path = Data;
			sourceTree = "<group>";
		};
		9D50F8832C72F76E000FC056 /* Entities */ = {
			isa = PBXGroup;
			children = (
				9D50F8812C72F76E000FC056 /* AudioRecordingEntity.swift */,
				9D50F8822C72F76E000FC056 /* ClassificationResultEntity.swift */,
			);
			path = Entities;
			sourceTree = "<group>";
		};
		9D50F8862C72F76E000FC056 /* Repository */ = {
			isa = PBXGroup;
			children = (
				9D50F8842C72F76E000FC056 /* AudioRepository.swift */,
				9D50F8852C72F76E000FC056 /* ClassificationRepository.swift */,
			);
			path = Repository;
			sourceTree = "<group>";
		};
		9D50F88C2C72F76E000FC056 /* UseCases */ = {
			isa = PBXGroup;
			children = (
				9D50F8872C72F76E000FC056 /* CancelRecordUseCase.swift */,
				9D50F8882C72F76E000FC056 /* ClassifyAudioUseCase.swift */,
				9D50F8892C72F76E000FC056 /* GetRecordedAudioUseCase.swift */,
				9D50F88A2C72F76E000FC056 /* StartRecordUseCase.swift */,
				9D50F88B2C72F76E000FC056 /* StopRecordUseCase.swift */,
			);
			path = UseCases;
			sourceTree = "<group>";
		};
		9D50F88D2C72F76E000FC056 /* Domain */ = {
			isa = PBXGroup;
			children = (
				9D50F8832C72F76E000FC056 /* Entities */,
				9D50F8862C72F76E000FC056 /* Repository */,
				9D50F88C2C72F76E000FC056 /* UseCases */,
			);
			path = Domain;
			sourceTree = "<group>";
		};
		9D50F8912C72F76E000FC056 /* View */ = {
			isa = PBXGroup;
			children = (
				9D50F88E2C72F76E000FC056 /* PulseAnimation.swift */,
				9D50F88F2C72F76E000FC056 /* RecordPageViewController.swift */,
				9D50F8902C72F76E000FC056 /* RecordPageViewController.xib */,
			);
			path = View;
			sourceTree = "<group>";
		};
		9D50F8932C72F76E000FC056 /* ViewModel */ = {
			isa = PBXGroup;
			children = (
				9D50F8922C72F76E000FC056 /* RecordPageViewModel.swift */,
			);
			path = ViewModel;
			sourceTree = "<group>";
		};
		9D50F8942C72F76E000FC056 /* Scene */ = {
			isa = PBXGroup;
			children = (
				9D50F8912C72F76E000FC056 /* View */,
				9D50F8932C72F76E000FC056 /* ViewModel */,
			);
			path = Scene;
			sourceTree = "<group>";
		};
		9D50F8952C72F76E000FC056 /* RecordPage */ = {
			isa = PBXGroup;
			children = (
				9D50F8762C72F76E000FC056 /* Coordinator */,
				9D50F8802C72F76E000FC056 /* Data */,
				9D50F88D2C72F76E000FC056 /* Domain */,
				9D50F8942C72F76E000FC056 /* Scene */,
			);
			path = RecordPage;
			sourceTree = "<group>";
		};
		9D80A17B2C6B4774002AB74F = {
			isa = PBXGroup;
			children = (
				9D80A1862C6B4774002AB74F /* PukPuk */,
				9D80A1852C6B4774002AB74F /* Products */,
				B50324DC2C730ECF002D9F06 /* Recovered References */,
			);
			sourceTree = "<group>";
		};
		9D80A1852C6B4774002AB74F /* Products */ = {
			isa = PBXGroup;
			children = (
				9D80A1842C6B4774002AB74F /* PukPuk.app */,
			);
			name = Products;
			sourceTree = "<group>";
		};
		9D80A1862C6B4774002AB74F /* PukPuk */ = {
			isa = PBXGroup;
			children = (
				9D80A1872C6B4774002AB74F /* PukPukApp.swift */,
				9D50F84D2C72F54C000FC056 /* Docs */,
				9D50F8472C72F54C000FC056 /* Modules */,
				9D50F8482C72F54C000FC056 /* 542c.wav */,
				9D50F8172C72F54C000FC056 /* not_cry.wav */,
				9D50F8162C72F54C000FC056 /* cry.wav */,
				9D50F8512C72F54C000FC056 /* RoutingCoordinator */,
				9D80A1892C6B4774002AB74F /* ContentView.swift */,
				9D50F8492C72F54C000FC056 /* Assets.xcassets */,
				9D80A1E72C6B49FC002AB74F /* DependencyInjection.swift */,
				9D80A18D2C6B4776002AB74F /* Preview Content */,
			);
			path = PukPuk;
			sourceTree = "<group>";
		};
		9D80A18D2C6B4776002AB74F /* Preview Content */ = {
			isa = PBXGroup;
			children = (
				9D80A18E2C6B4776002AB74F /* Preview Assets.xcassets */,
			);
			path = "Preview Content";
			sourceTree = "<group>";
		};
		B50324D12C72FA87002D9F06 /* ResultPage */ = {
			isa = PBXGroup;
			children = (
				B50324D22C72FAFF002D9F06 /* Data */,
				B50324D32C72FB10002D9F06 /* Domain */,
				B50324D42C72FB19002D9F06 /* Scene */,
			);
			path = ResultPage;
			sourceTree = "<group>";
		};
		B50324D22C72FAFF002D9F06 /* Data */ = {
			isa = PBXGroup;
			children = (
				B50324D52C72FB2B002D9F06 /* Data Source */,
				B50324D62C72FB34002D9F06 /* Repository */,
			);
			path = Data;
			sourceTree = "<group>";
		};
		B50324D32C72FB10002D9F06 /* Domain */ = {
			isa = PBXGroup;
			children = (
				B50324D72C72FB39002D9F06 /* Entities */,
				B50324D82C72FB44002D9F06 /* UseCases */,
			);
			path = Domain;
			sourceTree = "<group>";
		};
		B50324D42C72FB19002D9F06 /* Scene */ = {
			isa = PBXGroup;
			children = (
				B50324D92C72FB55002D9F06 /* View */,
				B50324DA2C72FB5A002D9F06 /* ViewModel */,
			);
			path = Scene;
			sourceTree = "<group>";
		};
		B50324D52C72FB2B002D9F06 /* Data Source */ = {
			isa = PBXGroup;
			children = (
				B59B34D32C6DAD6500BB6BEC /* ResultDataSource.swift */,
				B59B34D52C6DAD6E00BB6BEC /* ResultLocalDataSourceProtocol.swift */,
			);
			path = "Data Source";
			sourceTree = "<group>";
		};
		B50324D62C72FB34002D9F06 /* Repository */ = {
			isa = PBXGroup;
			children = (
				B59B34D72C6DAEB100BB6BEC /* ResultDefaultRepository.swift */,
				B59B34D92C6DAEC300BB6BEC /* ResultRepositoryProtocol.swift */,
			);
			path = Repository;
			sourceTree = "<group>";
		};
		B50324D72C72FB39002D9F06 /* Entities */ = {
			isa = PBXGroup;
			children = (
			);
			path = Entities;
			sourceTree = "<group>";
		};
		B50324D82C72FB44002D9F06 /* UseCases */ = {
			isa = PBXGroup;
			children = (
				B59B34DD2C6DB15700BB6BEC /* ResultUseCase.swift */,
				B59B34DF2C6DB16600BB6BEC /* ResultUseCaseProtocol.swift */,
			);
			path = UseCases;
			sourceTree = "<group>";
		};
		B50324D92C72FB55002D9F06 /* View */ = {
			isa = PBXGroup;
			children = (
				B59B34CF2C6D0C5600BB6BEC /* Result.storyboard */,
				B59B34D12C6D100F00BB6BEC /* ResultVC.swift */,
				B59B34E12C6DBEB100BB6BEC /* ResultViewControllerRepresentable.swift */,
			);
			path = View;
			sourceTree = "<group>";
		};
		B50324DA2C72FB5A002D9F06 /* ViewModel */ = {
			isa = PBXGroup;
			children = (
				B59B34DB2C6DB0AD00BB6BEC /* ResultViewModel.swift */,
			);
			path = ViewModel;
			sourceTree = "<group>";
		};
		B50324DC2C730ECF002D9F06 /* Recovered References */ = {
			isa = PBXGroup;
			children = (
			);
			name = "Recovered References";
			sourceTree = "<group>";
		};
/* End PBXGroup section */

/* Begin PBXNativeTarget section */
		9D80A1832C6B4774002AB74F /* PukPuk */ = {
			isa = PBXNativeTarget;
			buildConfigurationList = 9D80A1922C6B4776002AB74F /* Build configuration list for PBXNativeTarget "PukPuk" */;
			buildPhases = (
				9D80A1802C6B4774002AB74F /* Sources */,
				9D80A1812C6B4774002AB74F /* Frameworks */,
				9D80A1822C6B4774002AB74F /* Resources */,
			);
			buildRules = (
			);
			dependencies = (
			);
			name = PukPuk;
			productName = PukPuk;
			productReference = 9D80A1842C6B4774002AB74F /* PukPuk.app */;
			productType = "com.apple.product-type.application";
		};
/* End PBXNativeTarget section */

/* Begin PBXProject section */
		9D80A17C2C6B4774002AB74F /* Project object */ = {
			isa = PBXProject;
			attributes = {
				BuildIndependentTargetsInParallel = 1;
				LastSwiftUpdateCheck = 1530;
				LastUpgradeCheck = 1530;
				TargetAttributes = {
					9D80A1832C6B4774002AB74F = {
						CreatedOnToolsVersion = 15.3;
					};
				};
			};
			buildConfigurationList = 9D80A17F2C6B4774002AB74F /* Build configuration list for PBXProject "PukPuk" */;
			compatibilityVersion = "Xcode 14.0";
			developmentRegion = en;
			hasScannedForEncodings = 0;
			knownRegions = (
				en,
				Base,
			);
			mainGroup = 9D80A17B2C6B4774002AB74F;
			productRefGroup = 9D80A1852C6B4774002AB74F /* Products */;
			projectDirPath = "";
			projectRoot = "";
			targets = (
				9D80A1832C6B4774002AB74F /* PukPuk */,
			);
		};
/* End PBXProject section */

/* Begin PBXResourcesBuildPhase section */
		9D80A1822C6B4774002AB74F /* Resources */ = {
			isa = PBXResourcesBuildPhase;
			buildActionMask = 2147483647;
			files = (
				9D80A18F2C6B4776002AB74F /* Preview Assets.xcassets in Resources */,
				B59B34D02C6D0C5600BB6BEC /* Result.storyboard in Resources */,
				9D50F86E2C72F54C000FC056 /* PukPuk.png in Resources */,
				9D50F8532C72F54C000FC056 /* not_cry.wav in Resources */,
				9D50F8A92C72F76E000FC056 /* RecordPageViewController.xib in Resources */,
				9D8535362C6DFFA7007FF46E /* (null) in Resources */,
				9D50F86B2C72F54C000FC056 /* 542c.wav in Resources */,
				9D50F86D2C72F54C000FC056 /* ClassDiagram.puml in Resources */,
				9D8535302C6DB963007FF46E /* (null) in Resources */,
				9D50F86C2C72F54C000FC056 /* Assets.xcassets in Resources */,
				9D50F8522C72F54C000FC056 /* cry.wav in Resources */,
			);
			runOnlyForDeploymentPostprocessing = 0;
		};
/* End PBXResourcesBuildPhase section */

/* Begin PBXSourcesBuildPhase section */
		9D80A1802C6B4774002AB74F /* Sources */ = {
			isa = PBXSourcesBuildPhase;
			buildActionMask = 2147483647;
			files = (
				9D50F8562C72F54C000FC056 /* Entities.swift in Sources */,
				9D80A18A2C6B4774002AB74F /* ContentView.swift in Sources */,
				0E1E59482C6DAECC00FB1770 /* LoadingViewControllerRepresentable.swift in Sources */,
				9D50F85D2C72F54C000FC056 /* HomeDataSource.swift in Sources */,
				9D50F8652C72F54C000FC056 /* LoadingViewControllerRepresentable.swift in Sources */,
				9D85352E2C6DB6FB007FF46E /* (null) in Sources */,
				9D50F85B2C72F54C000FC056 /* CryClassificationErrorEnum.swift in Sources */,
				9D8535382C6E030F007FF46E /* (null) in Sources */,
				9D50F8A72C72F76E000FC056 /* PulseAnimation.swift in Sources */,
				9D50F89A2C72F76E000FC056 /* FileManagerDataSource.swift in Sources */,
				9D50F85E2C72F54C000FC056 /* HomeDataSourceProtocol.swift in Sources */,
				9D50F8A82C72F76E000FC056 /* RecordPageViewController.swift in Sources */,
				9D50F8722C72F5F6000FC056 /* TestFullScreenCover.swift in Sources */,
				9D50F8592C72F54C000FC056 /* ViewModel.swift in Sources */,
				9D50F8702C72F54C000FC056 /* RoutingCoordinator.swift in Sources */,
				9D50F89D2C72F76E000FC056 /* ResultObserver.swift in Sources */,
				9D50F89B2C72F76E000FC056 /* RecordPageRepositoryImpl.swift in Sources */,
				0E1E59452C6DADB800FB1770 /* ViewController.swift in Sources */,
				9D50F8682C72F54C000FC056 /* HomeView.swift in Sources */,
				B59B34D62C6DAD6E00BB6BEC /* ResultLocalDataSourceProtocol.swift in Sources */,
				B59B34DE2C6DB15700BB6BEC /* ResultUseCase.swift in Sources */,
				9D80A2312C6C19D5002AB74F /* HomeUseCaseProtocol.swift in Sources */,
				9D80A1882C6B4774002AB74F /* PukPukApp.swift in Sources */,
				9D80A2832C6C5DA8002AB74F /* TestFullScreenCover.swift in Sources */,
				B59B34D82C6DAEB100BB6BEC /* ResultDefaultRepository.swift in Sources */,
				B59B34E02C6DB16600BB6BEC /* ResultUseCaseProtocol.swift in Sources */,
				9D80A1E82C6B49FC002AB74F /* DependencyInjection.swift in Sources */,
				9D80A2822C6C5DA8002AB74F /* (null) in Sources */,
				B59B34DC2C6DB0AD00BB6BEC /* ResultViewModel.swift in Sources */,
				9D80A2352C6C1B50002AB74F /* (null) in Sources */,
				B59B34DA2C6DAEC300BB6BEC /* ResultRepositoryProtocol.swift in Sources */,
				B59B34E22C6DBEB100BB6BEC /* ResultViewControllerRepresentable.swift in Sources */,
				B59B34D22C6D100F00BB6BEC /* ResultVC.swift in Sources */,
				B59B34D42C6DAD6500BB6BEC /* ResultDataSource.swift in Sources */,
				9D80A27F2C6C5D3E002AB74F /* RoutingCoordinator.swift in Sources */,
			);
			runOnlyForDeploymentPostprocessing = 0;
		};
/* End PBXSourcesBuildPhase section */

/* Begin XCBuildConfiguration section */
		9D80A1902C6B4776002AB74F /* Debug */ = {
			isa = XCBuildConfiguration;
			buildSettings = {
				ALWAYS_SEARCH_USER_PATHS = NO;
				ASSETCATALOG_COMPILER_GENERATE_SWIFT_ASSET_SYMBOL_EXTENSIONS = YES;
				CLANG_ANALYZER_NONNULL = YES;
				CLANG_ANALYZER_NUMBER_OBJECT_CONVERSION = YES_AGGRESSIVE;
				CLANG_CXX_LANGUAGE_STANDARD = "gnu++20";
				CLANG_ENABLE_MODULES = YES;
				CLANG_ENABLE_OBJC_ARC = YES;
				CLANG_ENABLE_OBJC_WEAK = YES;
				CLANG_WARN_BLOCK_CAPTURE_AUTORELEASING = YES;
				CLANG_WARN_BOOL_CONVERSION = YES;
				CLANG_WARN_COMMA = YES;
				CLANG_WARN_CONSTANT_CONVERSION = YES;
				CLANG_WARN_DEPRECATED_OBJC_IMPLEMENTATIONS = YES;
				CLANG_WARN_DIRECT_OBJC_ISA_USAGE = YES_ERROR;
				CLANG_WARN_DOCUMENTATION_COMMENTS = YES;
				CLANG_WARN_EMPTY_BODY = YES;
				CLANG_WARN_ENUM_CONVERSION = YES;
				CLANG_WARN_INFINITE_RECURSION = YES;
				CLANG_WARN_INT_CONVERSION = YES;
				CLANG_WARN_NON_LITERAL_NULL_CONVERSION = YES;
				CLANG_WARN_OBJC_IMPLICIT_RETAIN_SELF = YES;
				CLANG_WARN_OBJC_LITERAL_CONVERSION = YES;
				CLANG_WARN_OBJC_ROOT_CLASS = YES_ERROR;
				CLANG_WARN_QUOTED_INCLUDE_IN_FRAMEWORK_HEADER = YES;
				CLANG_WARN_RANGE_LOOP_ANALYSIS = YES;
				CLANG_WARN_STRICT_PROTOTYPES = YES;
				CLANG_WARN_SUSPICIOUS_MOVE = YES;
				CLANG_WARN_UNGUARDED_AVAILABILITY = YES_AGGRESSIVE;
				CLANG_WARN_UNREACHABLE_CODE = YES;
				CLANG_WARN__DUPLICATE_METHOD_MATCH = YES;
				COPY_PHASE_STRIP = NO;
				DEBUG_INFORMATION_FORMAT = dwarf;
				ENABLE_STRICT_OBJC_MSGSEND = YES;
				ENABLE_TESTABILITY = YES;
				ENABLE_USER_SCRIPT_SANDBOXING = YES;
				GCC_C_LANGUAGE_STANDARD = gnu17;
				GCC_DYNAMIC_NO_PIC = NO;
				GCC_NO_COMMON_BLOCKS = YES;
				GCC_OPTIMIZATION_LEVEL = 0;
				GCC_PREPROCESSOR_DEFINITIONS = (
					"DEBUG=1",
					"$(inherited)",
				);
				GCC_WARN_64_TO_32_BIT_CONVERSION = YES;
				GCC_WARN_ABOUT_RETURN_TYPE = YES_ERROR;
				GCC_WARN_UNDECLARED_SELECTOR = YES;
				GCC_WARN_UNINITIALIZED_AUTOS = YES_AGGRESSIVE;
				GCC_WARN_UNUSED_FUNCTION = YES;
				GCC_WARN_UNUSED_VARIABLE = YES;
				IPHONEOS_DEPLOYMENT_TARGET = 17.4;
				LOCALIZATION_PREFERS_STRING_CATALOGS = YES;
				MTL_ENABLE_DEBUG_INFO = INCLUDE_SOURCE;
				MTL_FAST_MATH = YES;
				ONLY_ACTIVE_ARCH = YES;
				SDKROOT = iphoneos;
				SWIFT_ACTIVE_COMPILATION_CONDITIONS = "DEBUG $(inherited)";
				SWIFT_OPTIMIZATION_LEVEL = "-Onone";
			};
			name = Debug;
		};
		9D80A1912C6B4776002AB74F /* Release */ = {
			isa = XCBuildConfiguration;
			buildSettings = {
				ALWAYS_SEARCH_USER_PATHS = NO;
				ASSETCATALOG_COMPILER_GENERATE_SWIFT_ASSET_SYMBOL_EXTENSIONS = YES;
				CLANG_ANALYZER_NONNULL = YES;
				CLANG_ANALYZER_NUMBER_OBJECT_CONVERSION = YES_AGGRESSIVE;
				CLANG_CXX_LANGUAGE_STANDARD = "gnu++20";
				CLANG_ENABLE_MODULES = YES;
				CLANG_ENABLE_OBJC_ARC = YES;
				CLANG_ENABLE_OBJC_WEAK = YES;
				CLANG_WARN_BLOCK_CAPTURE_AUTORELEASING = YES;
				CLANG_WARN_BOOL_CONVERSION = YES;
				CLANG_WARN_COMMA = YES;
				CLANG_WARN_CONSTANT_CONVERSION = YES;
				CLANG_WARN_DEPRECATED_OBJC_IMPLEMENTATIONS = YES;
				CLANG_WARN_DIRECT_OBJC_ISA_USAGE = YES_ERROR;
				CLANG_WARN_DOCUMENTATION_COMMENTS = YES;
				CLANG_WARN_EMPTY_BODY = YES;
				CLANG_WARN_ENUM_CONVERSION = YES;
				CLANG_WARN_INFINITE_RECURSION = YES;
				CLANG_WARN_INT_CONVERSION = YES;
				CLANG_WARN_NON_LITERAL_NULL_CONVERSION = YES;
				CLANG_WARN_OBJC_IMPLICIT_RETAIN_SELF = YES;
				CLANG_WARN_OBJC_LITERAL_CONVERSION = YES;
				CLANG_WARN_OBJC_ROOT_CLASS = YES_ERROR;
				CLANG_WARN_QUOTED_INCLUDE_IN_FRAMEWORK_HEADER = YES;
				CLANG_WARN_RANGE_LOOP_ANALYSIS = YES;
				CLANG_WARN_STRICT_PROTOTYPES = YES;
				CLANG_WARN_SUSPICIOUS_MOVE = YES;
				CLANG_WARN_UNGUARDED_AVAILABILITY = YES_AGGRESSIVE;
				CLANG_WARN_UNREACHABLE_CODE = YES;
				CLANG_WARN__DUPLICATE_METHOD_MATCH = YES;
				COPY_PHASE_STRIP = NO;
				DEBUG_INFORMATION_FORMAT = "dwarf-with-dsym";
				ENABLE_NS_ASSERTIONS = NO;
				ENABLE_STRICT_OBJC_MSGSEND = YES;
				ENABLE_USER_SCRIPT_SANDBOXING = YES;
				GCC_C_LANGUAGE_STANDARD = gnu17;
				GCC_NO_COMMON_BLOCKS = YES;
				GCC_WARN_64_TO_32_BIT_CONVERSION = YES;
				GCC_WARN_ABOUT_RETURN_TYPE = YES_ERROR;
				GCC_WARN_UNDECLARED_SELECTOR = YES;
				GCC_WARN_UNINITIALIZED_AUTOS = YES_AGGRESSIVE;
				GCC_WARN_UNUSED_FUNCTION = YES;
				GCC_WARN_UNUSED_VARIABLE = YES;
				IPHONEOS_DEPLOYMENT_TARGET = 17.4;
				LOCALIZATION_PREFERS_STRING_CATALOGS = YES;
				MTL_ENABLE_DEBUG_INFO = NO;
				MTL_FAST_MATH = YES;
				SDKROOT = iphoneos;
				SWIFT_COMPILATION_MODE = wholemodule;
				VALIDATE_PRODUCT = YES;
			};
			name = Release;
		};
		9D80A1932C6B4776002AB74F /* Debug */ = {
			isa = XCBuildConfiguration;
			buildSettings = {
				ASSETCATALOG_COMPILER_APPICON_NAME = AppIcon;
				ASSETCATALOG_COMPILER_GLOBAL_ACCENT_COLOR_NAME = AccentColor;
				CODE_SIGN_STYLE = Automatic;
				CURRENT_PROJECT_VERSION = 1;
				DEVELOPMENT_ASSET_PATHS = "\"PukPuk/Preview Content\"";
				DEVELOPMENT_TEAM = VNG2A57GP5;
				ENABLE_PREVIEWS = YES;
				GENERATE_INFOPLIST_FILE = YES;
				INFOPLIST_KEY_UIApplicationSceneManifest_Generation = YES;
				INFOPLIST_KEY_UIApplicationSupportsIndirectInputEvents = YES;
				INFOPLIST_KEY_UILaunchScreen_Generation = YES;
				INFOPLIST_KEY_UISupportedInterfaceOrientations_iPad = "UIInterfaceOrientationPortrait UIInterfaceOrientationPortraitUpsideDown UIInterfaceOrientationLandscapeLeft UIInterfaceOrientationLandscapeRight";
				INFOPLIST_KEY_UISupportedInterfaceOrientations_iPhone = "UIInterfaceOrientationPortrait UIInterfaceOrientationLandscapeLeft UIInterfaceOrientationLandscapeRight";
				IPHONEOS_DEPLOYMENT_TARGET = 17.2;
				LD_RUNPATH_SEARCH_PATHS = (
					"$(inherited)",
					"@executable_path/Frameworks",
				);
				MARKETING_VERSION = 1.0;
				PRODUCT_BUNDLE_IDENTIFIER = com.PukPuk;
				PRODUCT_NAME = "$(TARGET_NAME)";
				SWIFT_EMIT_LOC_STRINGS = YES;
				SWIFT_VERSION = 5.0;
				TARGETED_DEVICE_FAMILY = "1,2";
			};
			name = Debug;
		};
		9D80A1942C6B4776002AB74F /* Release */ = {
			isa = XCBuildConfiguration;
			buildSettings = {
				ASSETCATALOG_COMPILER_APPICON_NAME = AppIcon;
				ASSETCATALOG_COMPILER_GLOBAL_ACCENT_COLOR_NAME = AccentColor;
				CODE_SIGN_STYLE = Automatic;
				CURRENT_PROJECT_VERSION = 1;
				DEVELOPMENT_ASSET_PATHS = "\"PukPuk/Preview Content\"";
				DEVELOPMENT_TEAM = VNG2A57GP5;
				ENABLE_PREVIEWS = YES;
				GENERATE_INFOPLIST_FILE = YES;
				INFOPLIST_KEY_UIApplicationSceneManifest_Generation = YES;
				INFOPLIST_KEY_UIApplicationSupportsIndirectInputEvents = YES;
				INFOPLIST_KEY_UILaunchScreen_Generation = YES;
				INFOPLIST_KEY_UISupportedInterfaceOrientations_iPad = "UIInterfaceOrientationPortrait UIInterfaceOrientationPortraitUpsideDown UIInterfaceOrientationLandscapeLeft UIInterfaceOrientationLandscapeRight";
				INFOPLIST_KEY_UISupportedInterfaceOrientations_iPhone = "UIInterfaceOrientationPortrait UIInterfaceOrientationLandscapeLeft UIInterfaceOrientationLandscapeRight";
				IPHONEOS_DEPLOYMENT_TARGET = 17.2;
				LD_RUNPATH_SEARCH_PATHS = (
					"$(inherited)",
					"@executable_path/Frameworks",
				);
				MARKETING_VERSION = 1.0;
				PRODUCT_BUNDLE_IDENTIFIER = com.PukPuk;
				PRODUCT_NAME = "$(TARGET_NAME)";
				SWIFT_EMIT_LOC_STRINGS = YES;
				SWIFT_VERSION = 5.0;
				TARGETED_DEVICE_FAMILY = "1,2";
			};
			name = Release;
		};
/* End XCBuildConfiguration section */

/* Begin XCConfigurationList section */
		9D80A17F2C6B4774002AB74F /* Build configuration list for PBXProject "PukPuk" */ = {
			isa = XCConfigurationList;
			buildConfigurations = (
				9D80A1902C6B4776002AB74F /* Debug */,
				9D80A1912C6B4776002AB74F /* Release */,
			);
			defaultConfigurationIsVisible = 0;
			defaultConfigurationName = Release;
		};
		9D80A1922C6B4776002AB74F /* Build configuration list for PBXNativeTarget "PukPuk" */ = {
			isa = XCConfigurationList;
			buildConfigurations = (
				9D80A1932C6B4776002AB74F /* Debug */,
				9D80A1942C6B4776002AB74F /* Release */,
			);
			defaultConfigurationIsVisible = 0;
			defaultConfigurationName = Release;
		};
/* End XCConfigurationList section */
	};
	rootObject = 9D80A17C2C6B4774002AB74F /* Project object */;
}
